// !$*UTF8*$!
{
	archiveVersion = 1;
	classes = {
	};
	objectVersion = 55;
	objects = {

/* Begin PBXBuildFile section */
		2D48E98F281D8BF300171E81 /* CMLTabBarController.swift in Sources */ = {isa = PBXBuildFile; fileRef = 2D48E98E281D8BF300171E81 /* CMLTabBarController.swift */; };
		2D48E993281D8ECF00171E81 /* ProfileUIComposer.swift in Sources */ = {isa = PBXBuildFile; fileRef = 2D48E992281D8ECF00171E81 /* ProfileUIComposer.swift */; };
		2D7D87B428017835006FFDE7 /* AppDelegate.swift in Sources */ = {isa = PBXBuildFile; fileRef = 2D7D87B328017835006FFDE7 /* AppDelegate.swift */; };
		2D7D87BD28017836006FFDE7 /* Assets.xcassets in Resources */ = {isa = PBXBuildFile; fileRef = 2D7D87BC28017836006FFDE7 /* Assets.xcassets */; };
		2D7D87C028017836006FFDE7 /* LaunchScreen.storyboard in Resources */ = {isa = PBXBuildFile; fileRef = 2D7D87BE28017836006FFDE7 /* LaunchScreen.storyboard */; };
		2D8CB3452815ED5600B7F40E /* SocketEnvironment.swift in Sources */ = {isa = PBXBuildFile; fileRef = 2D8CB3442815ED5600B7F40E /* SocketEnvironment.swift */; };
		2D8CB34A2816AEFA00B7F40E /* AmazonIVSBroadcast.xcframework in Frameworks */ = {isa = PBXBuildFile; fileRef = 2DD3988A280C148C00A575DA /* AmazonIVSBroadcast.xcframework */; };
		2D8CB34B2816AEFA00B7F40E /* AmazonIVSBroadcast.xcframework in Embed Frameworks */ = {isa = PBXBuildFile; fileRef = 2DD3988A280C148C00A575DA /* AmazonIVSBroadcast.xcframework */; settings = {ATTRIBUTES = (CodeSignOnCopy, RemoveHeadersOnCopy, ); }; };
		2D9E0C932811CFB6000E4321 /* ListEventsRouter.swift in Sources */ = {isa = PBXBuildFile; fileRef = 2D9E0C912811CFB6000E4321 /* ListEventsRouter.swift */; };
		2D9E0C942811CFB6000E4321 /* ListEventsUIComposer.swift in Sources */ = {isa = PBXBuildFile; fileRef = 2D9E0C922811CFB6000E4321 /* ListEventsUIComposer.swift */; };
		2D9E0C9A2811D071000E4321 /* LandingUIComposer.swift in Sources */ = {isa = PBXBuildFile; fileRef = 2D9E0C992811D071000E4321 /* LandingUIComposer.swift */; };
		2D9E0CB02811EEAB000E4321 /* LandingRouter.swift in Sources */ = {isa = PBXBuildFile; fileRef = 2D9E0CAF2811EEAB000E4321 /* LandingRouter.swift */; };
		2D9E0CB42811EEEC000E4321 /* EnterPhoneUIComposer.swift in Sources */ = {isa = PBXBuildFile; fileRef = 2D9E0CB32811EEEB000E4321 /* EnterPhoneUIComposer.swift */; };
		2D9E0CB62811EF52000E4321 /* EnterPhoneRoute.swift in Sources */ = {isa = PBXBuildFile; fileRef = 2D9E0CB52811EF52000E4321 /* EnterPhoneRoute.swift */; };
		2D9E0CC32811F5FC000E4321 /* Image.swift in Sources */ = {isa = PBXBuildFile; fileRef = 2D9E0CC22811F5FC000E4321 /* Image.swift */; };
		2D9E0CC52811F646000E4321 /* Colors.swift in Sources */ = {isa = PBXBuildFile; fileRef = 2D9E0CC42811F646000E4321 /* Colors.swift */; };
		2D9E0CF328121785000E4321 /* AlertUIComposer.swift in Sources */ = {isa = PBXBuildFile; fileRef = 2D9E0CF228121785000E4321 /* AlertUIComposer.swift */; };
		2D9E0CF728121FDB000E4321 /* AlertRoute.swift in Sources */ = {isa = PBXBuildFile; fileRef = 2D9E0CF628121FDB000E4321 /* AlertRoute.swift */; };
		2D9E0CF9281221A7000E4321 /* AlertRouter.swift in Sources */ = {isa = PBXBuildFile; fileRef = 2D9E0CF8281221A7000E4321 /* AlertRouter.swift */; };
		2D9E0CFB281222E4000E4321 /* EnterPhoneRouter.swift in Sources */ = {isa = PBXBuildFile; fileRef = 2D9E0CFA281222E4000E4321 /* EnterPhoneRouter.swift */; };
		2D9E0D0E281227C5000E4321 /* ValidateCodeRoute.swift in Sources */ = {isa = PBXBuildFile; fileRef = 2D9E0D0D281227C5000E4321 /* ValidateCodeRoute.swift */; };
		2D9E0D11281227DB000E4321 /* ValidateCodeUIComposer.swift in Sources */ = {isa = PBXBuildFile; fileRef = 2D9E0D10281227DB000E4321 /* ValidateCodeUIComposer.swift */; };
		2D9E0D302812365B000E4321 /* ValidateCodeRouter.swift in Sources */ = {isa = PBXBuildFile; fileRef = 2D9E0D2F2812365B000E4321 /* ValidateCodeRouter.swift */; };
		2D9E0D4B2812D407000E4321 /* KeychainHelper.swift in Sources */ = {isa = PBXBuildFile; fileRef = 2D9E0D4A2812D407000E4321 /* KeychainHelper.swift */; };
		2D9E0D4F2812D611000E4321 /* KeychainSwift in Frameworks */ = {isa = PBXBuildFile; productRef = 2D9E0D4E2812D611000E4321 /* KeychainSwift */; };
		2D9E0D512812DBF4000E4321 /* AppRoute.swift in Sources */ = {isa = PBXBuildFile; fileRef = 2D9E0D502812DBF4000E4321 /* AppRoute.swift */; };
		2D9E0D532812DFFB000E4321 /* UserDefaultsHelper.swift in Sources */ = {isa = PBXBuildFile; fileRef = 2D9E0D522812DFFB000E4321 /* UserDefaultsHelper.swift */; };
		2D9E0D562812E51D000E4321 /* CMLNavigationController.swift in Sources */ = {isa = PBXBuildFile; fileRef = 2D9E0D552812E51D000E4321 /* CMLNavigationController.swift */; };
		2DC30FE92815DC2400766092 /* ExternalEnvironment.swift in Sources */ = {isa = PBXBuildFile; fileRef = 2DC30FE82815DC2400766092 /* ExternalEnvironment.swift */; };
		2DC30FEB2815E64A00766092 /* BroadcasterRouter.swift in Sources */ = {isa = PBXBuildFile; fileRef = 2DC30FEA2815E64A00766092 /* BroadcasterRouter.swift */; };
		2DCAB46C280AB66D00308095 /* ClickmeliveHostCore.framework in Frameworks */ = {isa = PBXBuildFile; fileRef = 2DCAB46B280AB66D00308095 /* ClickmeliveHostCore.framework */; };
		2DCAB46D280AB66D00308095 /* ClickmeliveHostCore.framework in Embed Frameworks */ = {isa = PBXBuildFile; fileRef = 2DCAB46B280AB66D00308095 /* ClickmeliveHostCore.framework */; settings = {ATTRIBUTES = (CodeSignOnCopy, RemoveHeadersOnCopy, ); }; };
		2DCAB49B280ABBE700308095 /* ClickmeliveHostCoreIOS.framework in Frameworks */ = {isa = PBXBuildFile; fileRef = 2DCAB49A280ABBE700308095 /* ClickmeliveHostCoreIOS.framework */; };
		2DCAB49C280ABBE700308095 /* ClickmeliveHostCoreIOS.framework in Embed Frameworks */ = {isa = PBXBuildFile; fileRef = 2DCAB49A280ABBE700308095 /* ClickmeliveHostCoreIOS.framework */; settings = {ATTRIBUTES = (CodeSignOnCopy, RemoveHeadersOnCopy, ); }; };
		2DCAB562280B6BA000308095 /* BroadcasterUIComposer.swift in Sources */ = {isa = PBXBuildFile; fileRef = 2DCAB561280B6BA000308095 /* BroadcasterUIComposer.swift */; };
		2DCAB566280B6C2800308095 /* ModalTransition.swift in Sources */ = {isa = PBXBuildFile; fileRef = 2DCAB565280B6C2800308095 /* ModalTransition.swift */; };
		2DCAB568280B6D1E00308095 /* Transition.swift in Sources */ = {isa = PBXBuildFile; fileRef = 2DCAB567280B6D1E00308095 /* Transition.swift */; };
		2DCAB56A280B6D4400308095 /* PushTransition.swift in Sources */ = {isa = PBXBuildFile; fileRef = 2DCAB569280B6D4400308095 /* PushTransition.swift */; };
		2DCAB56C280B6D9E00308095 /* Router.swift in Sources */ = {isa = PBXBuildFile; fileRef = 2DCAB56B280B6D9E00308095 /* Router.swift */; };
		2DCAB570280B6E1B00308095 /* BroadcastRoute.swift in Sources */ = {isa = PBXBuildFile; fileRef = 2DCAB56F280B6E1B00308095 /* BroadcastRoute.swift */; };
		2DCAB597280B7BEA00308095 /* Montserrat-Regular.ttf in Resources */ = {isa = PBXBuildFile; fileRef = 2DCAB591280B7BEA00308095 /* Montserrat-Regular.ttf */; };
		2DCAB598280B7BEA00308095 /* Montserrat-SemiBold.ttf in Resources */ = {isa = PBXBuildFile; fileRef = 2DCAB592280B7BEA00308095 /* Montserrat-SemiBold.ttf */; };
		2DCAB599280B7BEA00308095 /* Montserrat-Bold.ttf in Resources */ = {isa = PBXBuildFile; fileRef = 2DCAB593280B7BEA00308095 /* Montserrat-Bold.ttf */; };
		2DCAB59A280B7BEA00308095 /* Montserrat-ExtraBold.ttf in Resources */ = {isa = PBXBuildFile; fileRef = 2DCAB594280B7BEA00308095 /* Montserrat-ExtraBold.ttf */; };
		2DCAB59B280B7BEA00308095 /* Montserrat-Light.ttf in Resources */ = {isa = PBXBuildFile; fileRef = 2DCAB595280B7BEA00308095 /* Montserrat-Light.ttf */; };
		2DCAB59C280B7BEA00308095 /* Montserrat-Medium.ttf in Resources */ = {isa = PBXBuildFile; fileRef = 2DCAB596280B7BEA00308095 /* Montserrat-Medium.ttf */; };
		2DD398D32810B58000A575DA /* AppEnvironment.swift in Sources */ = {isa = PBXBuildFile; fileRef = 2DD398D12810B58000A575DA /* AppEnvironment.swift */; };
		2DD398D42810B58000A575DA /* Servers.swift in Sources */ = {isa = PBXBuildFile; fileRef = 2DD398D22810B58000A575DA /* Servers.swift */; };
		2DD398EA2810C1B100A575DA /* LoadingView.swift in Sources */ = {isa = PBXBuildFile; fileRef = 2DD398E92810C1B100A575DA /* LoadingView.swift */; };
		2DD398ED2810C1F400A575DA /* Loading.json in Resources */ = {isa = PBXBuildFile; fileRef = 2DD398EC2810C1F400A575DA /* Loading.json */; };
		2DD398F02810C47900A575DA /* Lottie in Frameworks */ = {isa = PBXBuildFile; productRef = 2DD398EF2810C47900A575DA /* Lottie */; };
		2DD398F22810C4D200A575DA /* LoadingViewHTTPClientDecorator.swift in Sources */ = {isa = PBXBuildFile; fileRef = 2DD398F12810C4D200A575DA /* LoadingViewHTTPClientDecorator.swift */; };
		2DD398F52810C75800A575DA /* UIColor+Extensions.swift in Sources */ = {isa = PBXBuildFile; fileRef = 2DD398F42810C75800A575DA /* UIColor+Extensions.swift */; };
/* End PBXBuildFile section */

/* Begin PBXCopyFilesBuildPhase section */
		2DCAB46E280AB66D00308095 /* Embed Frameworks */ = {
			isa = PBXCopyFilesBuildPhase;
			buildActionMask = 2147483647;
			dstPath = "";
			dstSubfolderSpec = 10;
			files = (
				2DCAB49C280ABBE700308095 /* ClickmeliveHostCoreIOS.framework in Embed Frameworks */,
				2DCAB46D280AB66D00308095 /* ClickmeliveHostCore.framework in Embed Frameworks */,
				2D8CB34B2816AEFA00B7F40E /* AmazonIVSBroadcast.xcframework in Embed Frameworks */,
			);
			name = "Embed Frameworks";
			runOnlyForDeploymentPostprocessing = 0;
		};
/* End PBXCopyFilesBuildPhase section */

/* Begin PBXFileReference section */
		2D48E98E281D8BF300171E81 /* CMLTabBarController.swift */ = {isa = PBXFileReference; lastKnownFileType = sourcecode.swift; path = CMLTabBarController.swift; sourceTree = "<group>"; };
		2D48E992281D8ECF00171E81 /* ProfileUIComposer.swift */ = {isa = PBXFileReference; lastKnownFileType = sourcecode.swift; path = ProfileUIComposer.swift; sourceTree = "<group>"; };
		2D7D87B028017835006FFDE7 /* ClickMeLiveHost.app */ = {isa = PBXFileReference; explicitFileType = wrapper.application; includeInIndex = 0; path = ClickMeLiveHost.app; sourceTree = BUILT_PRODUCTS_DIR; };
		2D7D87B328017835006FFDE7 /* AppDelegate.swift */ = {isa = PBXFileReference; lastKnownFileType = sourcecode.swift; path = AppDelegate.swift; sourceTree = "<group>"; };
		2D7D87BC28017836006FFDE7 /* Assets.xcassets */ = {isa = PBXFileReference; lastKnownFileType = folder.assetcatalog; path = Assets.xcassets; sourceTree = "<group>"; };
		2D7D87BF28017836006FFDE7 /* Base */ = {isa = PBXFileReference; lastKnownFileType = file.storyboard; name = Base; path = Base.lproj/LaunchScreen.storyboard; sourceTree = "<group>"; };
		2D7D87C128017836006FFDE7 /* Info.plist */ = {isa = PBXFileReference; lastKnownFileType = text.plist.xml; path = Info.plist; sourceTree = "<group>"; };
		2D8CB3442815ED5600B7F40E /* SocketEnvironment.swift */ = {isa = PBXFileReference; lastKnownFileType = sourcecode.swift; path = SocketEnvironment.swift; sourceTree = "<group>"; };
		2D9E0C912811CFB6000E4321 /* ListEventsRouter.swift */ = {isa = PBXFileReference; fileEncoding = 4; lastKnownFileType = sourcecode.swift; path = ListEventsRouter.swift; sourceTree = "<group>"; };
		2D9E0C922811CFB6000E4321 /* ListEventsUIComposer.swift */ = {isa = PBXFileReference; fileEncoding = 4; lastKnownFileType = sourcecode.swift; path = ListEventsUIComposer.swift; sourceTree = "<group>"; };
		2D9E0C992811D071000E4321 /* LandingUIComposer.swift */ = {isa = PBXFileReference; lastKnownFileType = sourcecode.swift; path = LandingUIComposer.swift; sourceTree = "<group>"; };
		2D9E0CAF2811EEAB000E4321 /* LandingRouter.swift */ = {isa = PBXFileReference; lastKnownFileType = sourcecode.swift; path = LandingRouter.swift; sourceTree = "<group>"; };
		2D9E0CB32811EEEB000E4321 /* EnterPhoneUIComposer.swift */ = {isa = PBXFileReference; lastKnownFileType = sourcecode.swift; path = EnterPhoneUIComposer.swift; sourceTree = "<group>"; };
		2D9E0CB52811EF52000E4321 /* EnterPhoneRoute.swift */ = {isa = PBXFileReference; lastKnownFileType = sourcecode.swift; path = EnterPhoneRoute.swift; sourceTree = "<group>"; };
		2D9E0CC22811F5FC000E4321 /* Image.swift */ = {isa = PBXFileReference; lastKnownFileType = sourcecode.swift; path = Image.swift; sourceTree = "<group>"; };
		2D9E0CC42811F646000E4321 /* Colors.swift */ = {isa = PBXFileReference; lastKnownFileType = sourcecode.swift; path = Colors.swift; sourceTree = "<group>"; };
		2D9E0CF228121785000E4321 /* AlertUIComposer.swift */ = {isa = PBXFileReference; lastKnownFileType = sourcecode.swift; path = AlertUIComposer.swift; sourceTree = "<group>"; };
		2D9E0CF628121FDB000E4321 /* AlertRoute.swift */ = {isa = PBXFileReference; lastKnownFileType = sourcecode.swift; path = AlertRoute.swift; sourceTree = "<group>"; };
		2D9E0CF8281221A7000E4321 /* AlertRouter.swift */ = {isa = PBXFileReference; lastKnownFileType = sourcecode.swift; path = AlertRouter.swift; sourceTree = "<group>"; };
		2D9E0CFA281222E4000E4321 /* EnterPhoneRouter.swift */ = {isa = PBXFileReference; lastKnownFileType = sourcecode.swift; path = EnterPhoneRouter.swift; sourceTree = "<group>"; };
		2D9E0D0D281227C5000E4321 /* ValidateCodeRoute.swift */ = {isa = PBXFileReference; lastKnownFileType = sourcecode.swift; path = ValidateCodeRoute.swift; sourceTree = "<group>"; };
		2D9E0D10281227DB000E4321 /* ValidateCodeUIComposer.swift */ = {isa = PBXFileReference; lastKnownFileType = sourcecode.swift; path = ValidateCodeUIComposer.swift; sourceTree = "<group>"; };
		2D9E0D2F2812365B000E4321 /* ValidateCodeRouter.swift */ = {isa = PBXFileReference; lastKnownFileType = sourcecode.swift; path = ValidateCodeRouter.swift; sourceTree = "<group>"; };
		2D9E0D4A2812D407000E4321 /* KeychainHelper.swift */ = {isa = PBXFileReference; lastKnownFileType = sourcecode.swift; path = KeychainHelper.swift; sourceTree = "<group>"; };
		2D9E0D502812DBF4000E4321 /* AppRoute.swift */ = {isa = PBXFileReference; lastKnownFileType = sourcecode.swift; path = AppRoute.swift; sourceTree = "<group>"; };
		2D9E0D522812DFFB000E4321 /* UserDefaultsHelper.swift */ = {isa = PBXFileReference; lastKnownFileType = sourcecode.swift; path = UserDefaultsHelper.swift; sourceTree = "<group>"; };
		2D9E0D552812E51D000E4321 /* CMLNavigationController.swift */ = {isa = PBXFileReference; lastKnownFileType = sourcecode.swift; path = CMLNavigationController.swift; sourceTree = "<group>"; };
		2DC30FE82815DC2400766092 /* ExternalEnvironment.swift */ = {isa = PBXFileReference; lastKnownFileType = sourcecode.swift; path = ExternalEnvironment.swift; sourceTree = "<group>"; };
		2DC30FEA2815E64A00766092 /* BroadcasterRouter.swift */ = {isa = PBXFileReference; lastKnownFileType = sourcecode.swift; path = BroadcasterRouter.swift; sourceTree = "<group>"; };
		2DCAB46B280AB66D00308095 /* ClickmeliveHostCore.framework */ = {isa = PBXFileReference; explicitFileType = wrapper.framework; path = ClickmeliveHostCore.framework; sourceTree = BUILT_PRODUCTS_DIR; };
		2DCAB49A280ABBE700308095 /* ClickmeliveHostCoreIOS.framework */ = {isa = PBXFileReference; explicitFileType = wrapper.framework; path = ClickmeliveHostCoreIOS.framework; sourceTree = BUILT_PRODUCTS_DIR; };
		2DCAB561280B6BA000308095 /* BroadcasterUIComposer.swift */ = {isa = PBXFileReference; lastKnownFileType = sourcecode.swift; path = BroadcasterUIComposer.swift; sourceTree = "<group>"; };
		2DCAB565280B6C2800308095 /* ModalTransition.swift */ = {isa = PBXFileReference; lastKnownFileType = sourcecode.swift; path = ModalTransition.swift; sourceTree = "<group>"; };
		2DCAB567280B6D1E00308095 /* Transition.swift */ = {isa = PBXFileReference; lastKnownFileType = sourcecode.swift; path = Transition.swift; sourceTree = "<group>"; };
		2DCAB569280B6D4400308095 /* PushTransition.swift */ = {isa = PBXFileReference; lastKnownFileType = sourcecode.swift; path = PushTransition.swift; sourceTree = "<group>"; };
		2DCAB56B280B6D9E00308095 /* Router.swift */ = {isa = PBXFileReference; lastKnownFileType = sourcecode.swift; path = Router.swift; sourceTree = "<group>"; };
		2DCAB56F280B6E1B00308095 /* BroadcastRoute.swift */ = {isa = PBXFileReference; lastKnownFileType = sourcecode.swift; path = BroadcastRoute.swift; sourceTree = "<group>"; };
		2DCAB591280B7BEA00308095 /* Montserrat-Regular.ttf */ = {isa = PBXFileReference; lastKnownFileType = file; path = "Montserrat-Regular.ttf"; sourceTree = "<group>"; };
		2DCAB592280B7BEA00308095 /* Montserrat-SemiBold.ttf */ = {isa = PBXFileReference; lastKnownFileType = file; path = "Montserrat-SemiBold.ttf"; sourceTree = "<group>"; };
		2DCAB593280B7BEA00308095 /* Montserrat-Bold.ttf */ = {isa = PBXFileReference; lastKnownFileType = file; path = "Montserrat-Bold.ttf"; sourceTree = "<group>"; };
		2DCAB594280B7BEA00308095 /* Montserrat-ExtraBold.ttf */ = {isa = PBXFileReference; lastKnownFileType = file; path = "Montserrat-ExtraBold.ttf"; sourceTree = "<group>"; };
		2DCAB595280B7BEA00308095 /* Montserrat-Light.ttf */ = {isa = PBXFileReference; lastKnownFileType = file; path = "Montserrat-Light.ttf"; sourceTree = "<group>"; };
		2DCAB596280B7BEA00308095 /* Montserrat-Medium.ttf */ = {isa = PBXFileReference; lastKnownFileType = file; path = "Montserrat-Medium.ttf"; sourceTree = "<group>"; };
		2DD3988A280C148C00A575DA /* AmazonIVSBroadcast.xcframework */ = {isa = PBXFileReference; lastKnownFileType = wrapper.xcframework; name = AmazonIVSBroadcast.xcframework; path = /Users/cankacmaz/Documents/IOS/clickmelivehost/ClickmeliveHostCore/../AmazonIVSBroadcast.xcframework; sourceTree = "<absolute>"; };
		2DD398D12810B58000A575DA /* AppEnvironment.swift */ = {isa = PBXFileReference; fileEncoding = 4; lastKnownFileType = sourcecode.swift; path = AppEnvironment.swift; sourceTree = "<group>"; };
		2DD398D22810B58000A575DA /* Servers.swift */ = {isa = PBXFileReference; fileEncoding = 4; lastKnownFileType = sourcecode.swift; path = Servers.swift; sourceTree = "<group>"; };
		2DD398E92810C1B100A575DA /* LoadingView.swift */ = {isa = PBXFileReference; lastKnownFileType = sourcecode.swift; path = LoadingView.swift; sourceTree = "<group>"; };
		2DD398EC2810C1F400A575DA /* Loading.json */ = {isa = PBXFileReference; fileEncoding = 4; lastKnownFileType = text.json; path = Loading.json; sourceTree = "<group>"; };
		2DD398F12810C4D200A575DA /* LoadingViewHTTPClientDecorator.swift */ = {isa = PBXFileReference; lastKnownFileType = sourcecode.swift; path = LoadingViewHTTPClientDecorator.swift; sourceTree = "<group>"; };
		2DD398F42810C75800A575DA /* UIColor+Extensions.swift */ = {isa = PBXFileReference; lastKnownFileType = sourcecode.swift; path = "UIColor+Extensions.swift"; sourceTree = "<group>"; };
/* End PBXFileReference section */

/* Begin PBXFrameworksBuildPhase section */
		2D7D87AD28017835006FFDE7 /* Frameworks */ = {
			isa = PBXFrameworksBuildPhase;
			buildActionMask = 2147483647;
			files = (
				2DCAB49B280ABBE700308095 /* ClickmeliveHostCoreIOS.framework in Frameworks */,
				2DCAB46C280AB66D00308095 /* ClickmeliveHostCore.framework in Frameworks */,
				2D8CB34A2816AEFA00B7F40E /* AmazonIVSBroadcast.xcframework in Frameworks */,
				2D9E0D4F2812D611000E4321 /* KeychainSwift in Frameworks */,
				2DD398F02810C47900A575DA /* Lottie in Frameworks */,
			);
			runOnlyForDeploymentPostprocessing = 0;
		};
/* End PBXFrameworksBuildPhase section */

/* Begin PBXGroup section */
		2D48E990281D8EA600171E81 /* Profile */ = {
			isa = PBXGroup;
			children = (
				2D48E991281D8EB600171E81 /* Composers */,
			);
			path = Profile;
			sourceTree = "<group>";
		};
		2D48E991281D8EB600171E81 /* Composers */ = {
			isa = PBXGroup;
			children = (
				2D48E992281D8ECF00171E81 /* ProfileUIComposer.swift */,
			);
			path = Composers;
			sourceTree = "<group>";
		};
		2D7D87A728017835006FFDE7 = {
			isa = PBXGroup;
			children = (
				2D7D87B228017835006FFDE7 /* ClickMeLiveHost */,
				2D7D87B128017835006FFDE7 /* Products */,
				2DCAB46A280AB66D00308095 /* Frameworks */,
			);
			sourceTree = "<group>";
		};
		2D7D87B128017835006FFDE7 /* Products */ = {
			isa = PBXGroup;
			children = (
				2D7D87B028017835006FFDE7 /* ClickMeLiveHost.app */,
			);
			name = Products;
			sourceTree = "<group>";
		};
		2D7D87B228017835006FFDE7 /* ClickMeLiveHost */ = {
			isa = PBXGroup;
			children = (
				2DBFF5FA28119388006F7E40 /* Features */,
				2D9E0D462812CC95000E4321 /* Data */,
				2D9E0CC12811F5E4000E4321 /* Utility */,
				2DD398F32810C74400A575DA /* Extensions */,
				2DD398EB2810C1E900A575DA /* Animations */,
				2DD398E82810C19F00A575DA /* Loading */,
				2DD398CE2810B55F00A575DA /* Network */,
				2DCAB58A280B7B8300308095 /* Fonts */,
				2DCAB563280B6C0A00308095 /* Routing */,
				2D7D87B328017835006FFDE7 /* AppDelegate.swift */,
				2D9E0D552812E51D000E4321 /* CMLNavigationController.swift */,
				2D48E98E281D8BF300171E81 /* CMLTabBarController.swift */,
				2D7D87BC28017836006FFDE7 /* Assets.xcassets */,
				2D7D87BE28017836006FFDE7 /* LaunchScreen.storyboard */,
				2D7D87C128017836006FFDE7 /* Info.plist */,
			);
			path = ClickMeLiveHost;
			sourceTree = "<group>";
		};
		2D9E0C862811CEDB000E4321 /* Auth */ = {
			isa = PBXGroup;
			children = (
				2D9E0C962811D044000E4321 /* Landing */,
				2D9E0CB12811EEC8000E4321 /* Enter Phone */,
				2D9E0D0C281227B0000E4321 /* Validate Code */,
			);
			path = Auth;
			sourceTree = "<group>";
		};
		2D9E0C952811CFBB000E4321 /* ListEvent */ = {
			isa = PBXGroup;
			children = (
				2D9E0C9B2811D07E000E4321 /* Composers */,
				2D9E0C912811CFB6000E4321 /* ListEventsRouter.swift */,
			);
			path = ListEvent;
			sourceTree = "<group>";
		};
		2D9E0C962811D044000E4321 /* Landing */ = {
			isa = PBXGroup;
			children = (
				2D9E0C972811D04B000E4321 /* Composers */,
				2D9E0CAF2811EEAB000E4321 /* LandingRouter.swift */,
			);
			path = Landing;
			sourceTree = "<group>";
		};
		2D9E0C972811D04B000E4321 /* Composers */ = {
			isa = PBXGroup;
			children = (
				2D9E0C992811D071000E4321 /* LandingUIComposer.swift */,
			);
			path = Composers;
			sourceTree = "<group>";
		};
		2D9E0C9B2811D07E000E4321 /* Composers */ = {
			isa = PBXGroup;
			children = (
				2D9E0C922811CFB6000E4321 /* ListEventsUIComposer.swift */,
			);
			path = Composers;
			sourceTree = "<group>";
		};
		2D9E0CB12811EEC8000E4321 /* Enter Phone */ = {
			isa = PBXGroup;
			children = (
				2D9E0CB22811EED7000E4321 /* Composers */,
				2D9E0CB52811EF52000E4321 /* EnterPhoneRoute.swift */,
				2D9E0CFA281222E4000E4321 /* EnterPhoneRouter.swift */,
			);
			path = "Enter Phone";
			sourceTree = "<group>";
		};
		2D9E0CB22811EED7000E4321 /* Composers */ = {
			isa = PBXGroup;
			children = (
				2D9E0CB32811EEEB000E4321 /* EnterPhoneUIComposer.swift */,
			);
			path = Composers;
			sourceTree = "<group>";
		};
		2D9E0CC12811F5E4000E4321 /* Utility */ = {
			isa = PBXGroup;
			children = (
				2D9E0CC22811F5FC000E4321 /* Image.swift */,
				2D9E0CC42811F646000E4321 /* Colors.swift */,
			);
			path = Utility;
			sourceTree = "<group>";
		};
		2D9E0CF028121770000E4321 /* Alert */ = {
			isa = PBXGroup;
			children = (
				2D9E0CF128121778000E4321 /* Composers */,
				2D9E0CF628121FDB000E4321 /* AlertRoute.swift */,
				2D9E0CF8281221A7000E4321 /* AlertRouter.swift */,
			);
			path = Alert;
			sourceTree = "<group>";
		};
		2D9E0CF128121778000E4321 /* Composers */ = {
			isa = PBXGroup;
			children = (
				2D9E0CF228121785000E4321 /* AlertUIComposer.swift */,
			);
			path = Composers;
			sourceTree = "<group>";
		};
		2D9E0D0C281227B0000E4321 /* Validate Code */ = {
			isa = PBXGroup;
			children = (
				2D9E0D0F281227C9000E4321 /* Composers */,
				2D9E0D0D281227C5000E4321 /* ValidateCodeRoute.swift */,
				2D9E0D2F2812365B000E4321 /* ValidateCodeRouter.swift */,
			);
			path = "Validate Code";
			sourceTree = "<group>";
		};
		2D9E0D0F281227C9000E4321 /* Composers */ = {
			isa = PBXGroup;
			children = (
				2D9E0D10281227DB000E4321 /* ValidateCodeUIComposer.swift */,
			);
			path = Composers;
			sourceTree = "<group>";
		};
		2D9E0D462812CC95000E4321 /* Data */ = {
			isa = PBXGroup;
			children = (
				2D9E0D4A2812D407000E4321 /* KeychainHelper.swift */,
				2D9E0D522812DFFB000E4321 /* UserDefaultsHelper.swift */,
			);
			path = Data;
			sourceTree = "<group>";
		};
		2DBFF5FA28119388006F7E40 /* Features */ = {
			isa = PBXGroup;
			children = (
				2D9E0D502812DBF4000E4321 /* AppRoute.swift */,
				2D9E0C862811CEDB000E4321 /* Auth */,
				2D9E0CF028121770000E4321 /* Alert */,
				2D9E0C952811CFBB000E4321 /* ListEvent */,
				2DCAB55F280B6B8A00308095 /* Broadcast */,
				2D48E990281D8EA600171E81 /* Profile */,
			);
			path = Features;
			sourceTree = "<group>";
		};
		2DCAB46A280AB66D00308095 /* Frameworks */ = {
			isa = PBXGroup;
			children = (
				2DD3988A280C148C00A575DA /* AmazonIVSBroadcast.xcframework */,
				2DCAB49A280ABBE700308095 /* ClickmeliveHostCoreIOS.framework */,
				2DCAB46B280AB66D00308095 /* ClickmeliveHostCore.framework */,
			);
			name = Frameworks;
			sourceTree = "<group>";
		};
		2DCAB55F280B6B8A00308095 /* Broadcast */ = {
			isa = PBXGroup;
			children = (
				2DCAB560280B6B9300308095 /* Composers */,
				2DCAB56F280B6E1B00308095 /* BroadcastRoute.swift */,
				2DC30FEA2815E64A00766092 /* BroadcasterRouter.swift */,
			);
			path = Broadcast;
			sourceTree = "<group>";
		};
		2DCAB560280B6B9300308095 /* Composers */ = {
			isa = PBXGroup;
			children = (
				2DCAB561280B6BA000308095 /* BroadcasterUIComposer.swift */,
			);
			path = Composers;
			sourceTree = "<group>";
		};
		2DCAB563280B6C0A00308095 /* Routing */ = {
			isa = PBXGroup;
			children = (
				2DCAB564280B6C1600308095 /* Transitions */,
				2DCAB56B280B6D9E00308095 /* Router.swift */,
			);
			path = Routing;
			sourceTree = "<group>";
		};
		2DCAB564280B6C1600308095 /* Transitions */ = {
			isa = PBXGroup;
			children = (
				2DCAB565280B6C2800308095 /* ModalTransition.swift */,
				2DCAB569280B6D4400308095 /* PushTransition.swift */,
				2DCAB567280B6D1E00308095 /* Transition.swift */,
			);
			path = Transitions;
			sourceTree = "<group>";
		};
		2DCAB58A280B7B8300308095 /* Fonts */ = {
			isa = PBXGroup;
			children = (
				2DCAB593280B7BEA00308095 /* Montserrat-Bold.ttf */,
				2DCAB594280B7BEA00308095 /* Montserrat-ExtraBold.ttf */,
				2DCAB595280B7BEA00308095 /* Montserrat-Light.ttf */,
				2DCAB596280B7BEA00308095 /* Montserrat-Medium.ttf */,
				2DCAB591280B7BEA00308095 /* Montserrat-Regular.ttf */,
				2DCAB592280B7BEA00308095 /* Montserrat-SemiBold.ttf */,
			);
			path = Fonts;
			sourceTree = "<group>";
		};
		2DD398CE2810B55F00A575DA /* Network */ = {
			isa = PBXGroup;
			children = (
				2DD398D12810B58000A575DA /* AppEnvironment.swift */,
				2DC30FE82815DC2400766092 /* ExternalEnvironment.swift */,
				2D8CB3442815ED5600B7F40E /* SocketEnvironment.swift */,
				2DD398D22810B58000A575DA /* Servers.swift */,
			);
			path = Network;
			sourceTree = "<group>";
		};
		2DD398E82810C19F00A575DA /* Loading */ = {
			isa = PBXGroup;
			children = (
				2DD398E92810C1B100A575DA /* LoadingView.swift */,
				2DD398F12810C4D200A575DA /* LoadingViewHTTPClientDecorator.swift */,
			);
			path = Loading;
			sourceTree = "<group>";
		};
		2DD398EB2810C1E900A575DA /* Animations */ = {
			isa = PBXGroup;
			children = (
				2DD398EC2810C1F400A575DA /* Loading.json */,
			);
			path = Animations;
			sourceTree = "<group>";
		};
		2DD398F32810C74400A575DA /* Extensions */ = {
			isa = PBXGroup;
			children = (
				2DD398F42810C75800A575DA /* UIColor+Extensions.swift */,
			);
			path = Extensions;
			sourceTree = "<group>";
		};
/* End PBXGroup section */

/* Begin PBXNativeTarget section */
		2D7D87AF28017835006FFDE7 /* ClickMeLiveHost */ = {
			isa = PBXNativeTarget;
			buildConfigurationList = 2D7D87C428017836006FFDE7 /* Build configuration list for PBXNativeTarget "ClickMeLiveHost" */;
			buildPhases = (
				2D7D87AC28017835006FFDE7 /* Sources */,
				2D7D87AD28017835006FFDE7 /* Frameworks */,
				2D7D87AE28017835006FFDE7 /* Resources */,
				2DCAB46E280AB66D00308095 /* Embed Frameworks */,
			);
			buildRules = (
			);
			dependencies = (
			);
			name = ClickMeLiveHost;
			packageProductDependencies = (
				2DD398EF2810C47900A575DA /* Lottie */,
				2D9E0D4E2812D611000E4321 /* KeychainSwift */,
			);
			productName = ClickMeLiveHost;
			productReference = 2D7D87B028017835006FFDE7 /* ClickMeLiveHost.app */;
			productType = "com.apple.product-type.application";
		};
/* End PBXNativeTarget section */

/* Begin PBXProject section */
		2D7D87A828017835006FFDE7 /* Project object */ = {
			isa = PBXProject;
			attributes = {
				BuildIndependentTargetsInParallel = 1;
				LastSwiftUpdateCheck = 1310;
				LastUpgradeCheck = 1310;
				TargetAttributes = {
					2D7D87AF28017835006FFDE7 = {
						CreatedOnToolsVersion = 13.1;
					};
				};
			};
			buildConfigurationList = 2D7D87AB28017835006FFDE7 /* Build configuration list for PBXProject "ClickMeLiveHost" */;
			compatibilityVersion = "Xcode 13.0";
			developmentRegion = en;
			hasScannedForEncodings = 0;
			knownRegions = (
				en,
				Base,
			);
			mainGroup = 2D7D87A728017835006FFDE7;
			packageReferences = (
				2DD398EE2810C47900A575DA /* XCRemoteSwiftPackageReference "lottie-ios" */,
				2D9E0D4D2812D611000E4321 /* XCRemoteSwiftPackageReference "keychain-swift" */,
			);
			productRefGroup = 2D7D87B128017835006FFDE7 /* Products */;
			projectDirPath = "";
			projectRoot = "";
			targets = (
				2D7D87AF28017835006FFDE7 /* ClickMeLiveHost */,
			);
		};
/* End PBXProject section */

/* Begin PBXResourcesBuildPhase section */
		2D7D87AE28017835006FFDE7 /* Resources */ = {
			isa = PBXResourcesBuildPhase;
			buildActionMask = 2147483647;
			files = (
				2DCAB59B280B7BEA00308095 /* Montserrat-Light.ttf in Resources */,
				2DCAB599280B7BEA00308095 /* Montserrat-Bold.ttf in Resources */,
				2DD398ED2810C1F400A575DA /* Loading.json in Resources */,
				2DCAB59A280B7BEA00308095 /* Montserrat-ExtraBold.ttf in Resources */,
				2DCAB597280B7BEA00308095 /* Montserrat-Regular.ttf in Resources */,
				2D7D87C028017836006FFDE7 /* LaunchScreen.storyboard in Resources */,
				2DCAB598280B7BEA00308095 /* Montserrat-SemiBold.ttf in Resources */,
				2DCAB59C280B7BEA00308095 /* Montserrat-Medium.ttf in Resources */,
				2D7D87BD28017836006FFDE7 /* Assets.xcassets in Resources */,
			);
			runOnlyForDeploymentPostprocessing = 0;
		};
/* End PBXResourcesBuildPhase section */

/* Begin PBXSourcesBuildPhase section */
		2D7D87AC28017835006FFDE7 /* Sources */ = {
			isa = PBXSourcesBuildPhase;
			buildActionMask = 2147483647;
			files = (
				2D9E0D532812DFFB000E4321 /* UserDefaultsHelper.swift in Sources */,
				2D9E0CF728121FDB000E4321 /* AlertRoute.swift in Sources */,
				2D9E0CF328121785000E4321 /* AlertUIComposer.swift in Sources */,
				2D9E0D4B2812D407000E4321 /* KeychainHelper.swift in Sources */,
				2D9E0CFB281222E4000E4321 /* EnterPhoneRouter.swift in Sources */,
				2D48E993281D8ECF00171E81 /* ProfileUIComposer.swift in Sources */,
				2DCAB568280B6D1E00308095 /* Transition.swift in Sources */,
				2DCAB566280B6C2800308095 /* ModalTransition.swift in Sources */,
				2D9E0D562812E51D000E4321 /* CMLNavigationController.swift in Sources */,
				2D8CB3452815ED5600B7F40E /* SocketEnvironment.swift in Sources */,
				2D9E0CB42811EEEC000E4321 /* EnterPhoneUIComposer.swift in Sources */,
				2DCAB570280B6E1B00308095 /* BroadcastRoute.swift in Sources */,
				2D48E98F281D8BF300171E81 /* CMLTabBarController.swift in Sources */,
				2D9E0C9A2811D071000E4321 /* LandingUIComposer.swift in Sources */,
				2D7D87B428017835006FFDE7 /* AppDelegate.swift in Sources */,
				2DC30FE92815DC2400766092 /* ExternalEnvironment.swift in Sources */,
				2DC30FEB2815E64A00766092 /* BroadcasterRouter.swift in Sources */,
				2D9E0C932811CFB6000E4321 /* ListEventsRouter.swift in Sources */,
				2DD398F22810C4D200A575DA /* LoadingViewHTTPClientDecorator.swift in Sources */,
				2D9E0D302812365B000E4321 /* ValidateCodeRouter.swift in Sources */,
				2D9E0CF9281221A7000E4321 /* AlertRouter.swift in Sources */,
				2D9E0C942811CFB6000E4321 /* ListEventsUIComposer.swift in Sources */,
				2DD398D42810B58000A575DA /* Servers.swift in Sources */,
				2D9E0D512812DBF4000E4321 /* AppRoute.swift in Sources */,
				2DD398EA2810C1B100A575DA /* LoadingView.swift in Sources */,
				2DD398D32810B58000A575DA /* AppEnvironment.swift in Sources */,
				2DCAB56C280B6D9E00308095 /* Router.swift in Sources */,
				2D9E0CC52811F646000E4321 /* Colors.swift in Sources */,
				2D9E0CC32811F5FC000E4321 /* Image.swift in Sources */,
				2D9E0CB02811EEAB000E4321 /* LandingRouter.swift in Sources */,
				2D9E0D0E281227C5000E4321 /* ValidateCodeRoute.swift in Sources */,
				2DD398F52810C75800A575DA /* UIColor+Extensions.swift in Sources */,
				2D9E0CB62811EF52000E4321 /* EnterPhoneRoute.swift in Sources */,
				2DCAB56A280B6D4400308095 /* PushTransition.swift in Sources */,
				2D9E0D11281227DB000E4321 /* ValidateCodeUIComposer.swift in Sources */,
				2DCAB562280B6BA000308095 /* BroadcasterUIComposer.swift in Sources */,
			);
			runOnlyForDeploymentPostprocessing = 0;
		};
/* End PBXSourcesBuildPhase section */

/* Begin PBXVariantGroup section */
		2D7D87BE28017836006FFDE7 /* LaunchScreen.storyboard */ = {
			isa = PBXVariantGroup;
			children = (
				2D7D87BF28017836006FFDE7 /* Base */,
			);
			name = LaunchScreen.storyboard;
			sourceTree = "<group>";
		};
/* End PBXVariantGroup section */

/* Begin XCBuildConfiguration section */
		2D7D87C228017836006FFDE7 /* Debug */ = {
			isa = XCBuildConfiguration;
			buildSettings = {
				ALWAYS_SEARCH_USER_PATHS = NO;
				CLANG_ANALYZER_NONNULL = YES;
				CLANG_ANALYZER_NUMBER_OBJECT_CONVERSION = YES_AGGRESSIVE;
				CLANG_CXX_LANGUAGE_STANDARD = "gnu++17";
				CLANG_CXX_LIBRARY = "libc++";
				CLANG_ENABLE_MODULES = YES;
				CLANG_ENABLE_OBJC_ARC = YES;
				CLANG_ENABLE_OBJC_WEAK = YES;
				CLANG_WARN_BLOCK_CAPTURE_AUTORELEASING = YES;
				CLANG_WARN_BOOL_CONVERSION = YES;
				CLANG_WARN_COMMA = YES;
				CLANG_WARN_CONSTANT_CONVERSION = YES;
				CLANG_WARN_DEPRECATED_OBJC_IMPLEMENTATIONS = YES;
				CLANG_WARN_DIRECT_OBJC_ISA_USAGE = YES_ERROR;
				CLANG_WARN_DOCUMENTATION_COMMENTS = YES;
				CLANG_WARN_EMPTY_BODY = YES;
				CLANG_WARN_ENUM_CONVERSION = YES;
				CLANG_WARN_INFINITE_RECURSION = YES;
				CLANG_WARN_INT_CONVERSION = YES;
				CLANG_WARN_NON_LITERAL_NULL_CONVERSION = YES;
				CLANG_WARN_OBJC_IMPLICIT_RETAIN_SELF = YES;
				CLANG_WARN_OBJC_LITERAL_CONVERSION = YES;
				CLANG_WARN_OBJC_ROOT_CLASS = YES_ERROR;
				CLANG_WARN_QUOTED_INCLUDE_IN_FRAMEWORK_HEADER = YES;
				CLANG_WARN_RANGE_LOOP_ANALYSIS = YES;
				CLANG_WARN_STRICT_PROTOTYPES = YES;
				CLANG_WARN_SUSPICIOUS_MOVE = YES;
				CLANG_WARN_UNGUARDED_AVAILABILITY = YES_AGGRESSIVE;
				CLANG_WARN_UNREACHABLE_CODE = YES;
				CLANG_WARN__DUPLICATE_METHOD_MATCH = YES;
				COPY_PHASE_STRIP = NO;
				DEBUG_INFORMATION_FORMAT = dwarf;
				ENABLE_STRICT_OBJC_MSGSEND = YES;
				ENABLE_TESTABILITY = YES;
				GCC_C_LANGUAGE_STANDARD = gnu11;
				GCC_DYNAMIC_NO_PIC = NO;
				GCC_NO_COMMON_BLOCKS = YES;
				GCC_OPTIMIZATION_LEVEL = 0;
				GCC_PREPROCESSOR_DEFINITIONS = (
					"DEBUG=1",
					"$(inherited)",
				);
				GCC_WARN_64_TO_32_BIT_CONVERSION = YES;
				GCC_WARN_ABOUT_RETURN_TYPE = YES_ERROR;
				GCC_WARN_UNDECLARED_SELECTOR = YES;
				GCC_WARN_UNINITIALIZED_AUTOS = YES_AGGRESSIVE;
				GCC_WARN_UNUSED_FUNCTION = YES;
				GCC_WARN_UNUSED_VARIABLE = YES;
				IPHONEOS_DEPLOYMENT_TARGET = 13.0;
				MTL_ENABLE_DEBUG_INFO = INCLUDE_SOURCE;
				MTL_FAST_MATH = YES;
				ONLY_ACTIVE_ARCH = YES;
				SDKROOT = iphoneos;
				SWIFT_ACTIVE_COMPILATION_CONDITIONS = DEBUG;
				SWIFT_OPTIMIZATION_LEVEL = "-Onone";
			};
			name = Debug;
		};
		2D7D87C328017836006FFDE7 /* Release */ = {
			isa = XCBuildConfiguration;
			buildSettings = {
				ALWAYS_SEARCH_USER_PATHS = NO;
				CLANG_ANALYZER_NONNULL = YES;
				CLANG_ANALYZER_NUMBER_OBJECT_CONVERSION = YES_AGGRESSIVE;
				CLANG_CXX_LANGUAGE_STANDARD = "gnu++17";
				CLANG_CXX_LIBRARY = "libc++";
				CLANG_ENABLE_MODULES = YES;
				CLANG_ENABLE_OBJC_ARC = YES;
				CLANG_ENABLE_OBJC_WEAK = YES;
				CLANG_WARN_BLOCK_CAPTURE_AUTORELEASING = YES;
				CLANG_WARN_BOOL_CONVERSION = YES;
				CLANG_WARN_COMMA = YES;
				CLANG_WARN_CONSTANT_CONVERSION = YES;
				CLANG_WARN_DEPRECATED_OBJC_IMPLEMENTATIONS = YES;
				CLANG_WARN_DIRECT_OBJC_ISA_USAGE = YES_ERROR;
				CLANG_WARN_DOCUMENTATION_COMMENTS = YES;
				CLANG_WARN_EMPTY_BODY = YES;
				CLANG_WARN_ENUM_CONVERSION = YES;
				CLANG_WARN_INFINITE_RECURSION = YES;
				CLANG_WARN_INT_CONVERSION = YES;
				CLANG_WARN_NON_LITERAL_NULL_CONVERSION = YES;
				CLANG_WARN_OBJC_IMPLICIT_RETAIN_SELF = YES;
				CLANG_WARN_OBJC_LITERAL_CONVERSION = YES;
				CLANG_WARN_OBJC_ROOT_CLASS = YES_ERROR;
				CLANG_WARN_QUOTED_INCLUDE_IN_FRAMEWORK_HEADER = YES;
				CLANG_WARN_RANGE_LOOP_ANALYSIS = YES;
				CLANG_WARN_STRICT_PROTOTYPES = YES;
				CLANG_WARN_SUSPICIOUS_MOVE = YES;
				CLANG_WARN_UNGUARDED_AVAILABILITY = YES_AGGRESSIVE;
				CLANG_WARN_UNREACHABLE_CODE = YES;
				CLANG_WARN__DUPLICATE_METHOD_MATCH = YES;
				COPY_PHASE_STRIP = NO;
				DEBUG_INFORMATION_FORMAT = "dwarf-with-dsym";
				ENABLE_NS_ASSERTIONS = NO;
				ENABLE_STRICT_OBJC_MSGSEND = YES;
				GCC_C_LANGUAGE_STANDARD = gnu11;
				GCC_NO_COMMON_BLOCKS = YES;
				GCC_WARN_64_TO_32_BIT_CONVERSION = YES;
				GCC_WARN_ABOUT_RETURN_TYPE = YES_ERROR;
				GCC_WARN_UNDECLARED_SELECTOR = YES;
				GCC_WARN_UNINITIALIZED_AUTOS = YES_AGGRESSIVE;
				GCC_WARN_UNUSED_FUNCTION = YES;
				GCC_WARN_UNUSED_VARIABLE = YES;
				IPHONEOS_DEPLOYMENT_TARGET = 13.0;
				MTL_ENABLE_DEBUG_INFO = NO;
				MTL_FAST_MATH = YES;
				SDKROOT = iphoneos;
				SWIFT_COMPILATION_MODE = wholemodule;
				SWIFT_OPTIMIZATION_LEVEL = "-O";
				VALIDATE_PRODUCT = YES;
			};
			name = Release;
		};
		2D7D87C528017836006FFDE7 /* Debug */ = {
			isa = XCBuildConfiguration;
			buildSettings = {
				ASSETCATALOG_COMPILER_APPICON_NAME = AppIcon;
				ASSETCATALOG_COMPILER_GLOBAL_ACCENT_COLOR_NAME = AccentColor;
				CODE_SIGN_STYLE = Automatic;
				CURRENT_PROJECT_VERSION = 2;
				DEVELOPMENT_TEAM = P624PPMU63;
				GENERATE_INFOPLIST_FILE = YES;
				INFOPLIST_FILE = ClickMeLiveHost/Info.plist;
				INFOPLIST_KEY_NSCameraUsageDescription = "We need access to your camera to broadcast your video feed";
				INFOPLIST_KEY_NSMicrophoneUsageDescription = "We need access to your microphone to broadcast your audio feed";
				INFOPLIST_KEY_UIApplicationSupportsIndirectInputEvents = YES;
				INFOPLIST_KEY_UILaunchStoryboardName = LaunchScreen;
				INFOPLIST_KEY_UISupportedInterfaceOrientations = UIInterfaceOrientationPortrait;
				INFOPLIST_KEY_UISupportedInterfaceOrientations_iPad = "UIInterfaceOrientationPortrait UIInterfaceOrientationPortraitUpsideDown UIInterfaceOrientationLandscapeLeft UIInterfaceOrientationLandscapeRight";
				INFOPLIST_KEY_UISupportedInterfaceOrientations_iPhone = UIInterfaceOrientationPortrait;
				IPHONEOS_DEPLOYMENT_TARGET = 13.0;
				LD_RUNPATH_SEARCH_PATHS = (
					"$(inherited)",
					"@executable_path/Frameworks",
				);
				MARKETING_VERSION = 1.0;
				PRODUCT_BUNDLE_IDENTIFIER = com.clickme.host.clickmelive;
				PRODUCT_NAME = "$(TARGET_NAME)";
				SWIFT_EMIT_LOC_STRINGS = YES;
				SWIFT_VERSION = 5.0;
				TARGETED_DEVICE_FAMILY = 1;
			};
			name = Debug;
		};
		2D7D87C628017836006FFDE7 /* Release */ = {
			isa = XCBuildConfiguration;
			buildSettings = {
				ASSETCATALOG_COMPILER_APPICON_NAME = AppIcon;
				ASSETCATALOG_COMPILER_GLOBAL_ACCENT_COLOR_NAME = AccentColor;
				CODE_SIGN_STYLE = Automatic;
				CURRENT_PROJECT_VERSION = 2;
				DEVELOPMENT_TEAM = P624PPMU63;
				GENERATE_INFOPLIST_FILE = YES;
				INFOPLIST_FILE = ClickMeLiveHost/Info.plist;
				INFOPLIST_KEY_NSCameraUsageDescription = "We need access to your camera to broadcast your video feed";
				INFOPLIST_KEY_NSMicrophoneUsageDescription = "We need access to your microphone to broadcast your audio feed";
				INFOPLIST_KEY_UIApplicationSupportsIndirectInputEvents = YES;
				INFOPLIST_KEY_UILaunchStoryboardName = LaunchScreen;
				INFOPLIST_KEY_UISupportedInterfaceOrientations = UIInterfaceOrientationPortrait;
				INFOPLIST_KEY_UISupportedInterfaceOrientations_iPad = "UIInterfaceOrientationPortrait UIInterfaceOrientationPortraitUpsideDown UIInterfaceOrientationLandscapeLeft UIInterfaceOrientationLandscapeRight";
				INFOPLIST_KEY_UISupportedInterfaceOrientations_iPhone = UIInterfaceOrientationPortrait;
				IPHONEOS_DEPLOYMENT_TARGET = 13.0;
				LD_RUNPATH_SEARCH_PATHS = (
					"$(inherited)",
					"@executable_path/Frameworks",
				);
				MARKETING_VERSION = 1.0;
				PRODUCT_BUNDLE_IDENTIFIER = com.clickme.host.clickmelive;
				PRODUCT_NAME = "$(TARGET_NAME)";
				SWIFT_EMIT_LOC_STRINGS = YES;
				SWIFT_VERSION = 5.0;
				TARGETED_DEVICE_FAMILY = 1;
			};
			name = Release;
		};
/* End XCBuildConfiguration section */

/* Begin XCConfigurationList section */
		2D7D87AB28017835006FFDE7 /* Build configuration list for PBXProject "ClickMeLiveHost" */ = {
			isa = XCConfigurationList;
			buildConfigurations = (
				2D7D87C228017836006FFDE7 /* Debug */,
				2D7D87C328017836006FFDE7 /* Release */,
			);
			defaultConfigurationIsVisible = 0;
			defaultConfigurationName = Release;
		};
		2D7D87C428017836006FFDE7 /* Build configuration list for PBXNativeTarget "ClickMeLiveHost" */ = {
			isa = XCConfigurationList;
			buildConfigurations = (
				2D7D87C528017836006FFDE7 /* Debug */,
				2D7D87C628017836006FFDE7 /* Release */,
			);
			defaultConfigurationIsVisible = 0;
			defaultConfigurationName = Release;
		};
/* End XCConfigurationList section */

/* Begin XCRemoteSwiftPackageReference section */
		2D9E0D4D2812D611000E4321 /* XCRemoteSwiftPackageReference "keychain-swift" */ = {
			isa = XCRemoteSwiftPackageReference;
			repositoryURL = "https://github.com/evgenyneu/keychain-swift.git";
			requirement = {
				branch = master;
				kind = branch;
			};
		};
		2DD398EE2810C47900A575DA /* XCRemoteSwiftPackageReference "lottie-ios" */ = {
			isa = XCRemoteSwiftPackageReference;
			repositoryURL = "https://github.com/airbnb/lottie-ios.git";
			requirement = {
				kind = upToNextMajorVersion;
				minimumVersion = 3.0.0;
			};
		};
/* End XCRemoteSwiftPackageReference section */

/* Begin XCSwiftPackageProductDependency section */
		2D9E0D4E2812D611000E4321 /* KeychainSwift */ = {
			isa = XCSwiftPackageProductDependency;
			package = 2D9E0D4D2812D611000E4321 /* XCRemoteSwiftPackageReference "keychain-swift" */;
			productName = KeychainSwift;
		};
		2DD398EF2810C47900A575DA /* Lottie */ = {
			isa = XCSwiftPackageProductDependency;
			package = 2DD398EE2810C47900A575DA /* XCRemoteSwiftPackageReference "lottie-ios" */;
			productName = Lottie;
		};
/* End XCSwiftPackageProductDependency section */
	};
	rootObject = 2D7D87A828017835006FFDE7 /* Project object */;
}
