// !$*UTF8*$!
{
	archiveVersion = 1;
	classes = {
	};
	objectVersion = 55;
	objects = {

/* Begin PBXBuildFile section */
		2D9E0C852811CDC0000E4321 /* Auth.xcassets in Resources */ = {isa = PBXBuildFile; fileRef = 2D9E0C842811CDC0000E4321 /* Auth.xcassets */; };
		2D9E0C9E2811E7B8000E4321 /* Localized+Landing.swift in Sources */ = {isa = PBXBuildFile; fileRef = 2D9E0C9D2811E7B8000E4321 /* Localized+Landing.swift */; };
		2D9E0CA12811E7C9000E4321 /* Landing.strings in Resources */ = {isa = PBXBuildFile; fileRef = 2D9E0CA32811E7C9000E4321 /* Landing.strings */; };
		2D9E0CA72811E82B000E4321 /* LandingViewModel.swift in Sources */ = {isa = PBXBuildFile; fileRef = 2D9E0CA62811E82B000E4321 /* LandingViewModel.swift */; };
		2D9E0CAC2811EE09000E4321 /* EnterPhoneViewController.swift in Sources */ = {isa = PBXBuildFile; fileRef = 2D9E0CAB2811EE09000E4321 /* EnterPhoneViewController.swift */; };
		2D9E0CAE2811EE11000E4321 /* EnterPhoneView.swift in Sources */ = {isa = PBXBuildFile; fileRef = 2D9E0CAD2811EE11000E4321 /* EnterPhoneView.swift */; };
		2D9E0CB82811F377000E4321 /* CMLTextField.swift in Sources */ = {isa = PBXBuildFile; fileRef = 2D9E0CB72811F377000E4321 /* CMLTextField.swift */; };
		2D9E0CBA2811F44B000E4321 /* CMLButton.swift in Sources */ = {isa = PBXBuildFile; fileRef = 2D9E0CB92811F44B000E4321 /* CMLButton.swift */; };
		2D9E0CC02811F581000E4321 /* IQKeyboardManagerSwift in Frameworks */ = {isa = PBXBuildFile; productRef = 2D9E0CBF2811F581000E4321 /* IQKeyboardManagerSwift */; };
		2D9E0CCA2811F866000E4321 /* EnterPhoneViewModel.swift in Sources */ = {isa = PBXBuildFile; fileRef = 2D9E0CC92811F866000E4321 /* EnterPhoneViewModel.swift */; };
		2D9E0CCD2811F8A4000E4321 /* EnterPhone.strings in Resources */ = {isa = PBXBuildFile; fileRef = 2D9E0CCF2811F8A4000E4321 /* EnterPhone.strings */; };
		2D9E0CD22811F975000E4321 /* Localized+EnterPhone.swift in Sources */ = {isa = PBXBuildFile; fileRef = 2D9E0CD12811F975000E4321 /* Localized+EnterPhone.swift */; };
		2D9E0CD8281202B9000E4321 /* String+Extensions.swift in Sources */ = {isa = PBXBuildFile; fileRef = 2D9E0CD7281202B9000E4321 /* String+Extensions.swift */; };
		2D9E0CDB2812047B000E4321 /* ValidationHandler.swift in Sources */ = {isa = PBXBuildFile; fileRef = 2D9E0CDA2812047B000E4321 /* ValidationHandler.swift */; };
		2D9E0CDE28120AC8000E4321 /* AuthCodeCreator.swift in Sources */ = {isa = PBXBuildFile; fileRef = 2D9E0CDD28120AC8000E4321 /* AuthCodeCreator.swift */; };
		2D9E0CE028120B3A000E4321 /* CreateCode.swift in Sources */ = {isa = PBXBuildFile; fileRef = 2D9E0CDF28120B3A000E4321 /* CreateCode.swift */; };
		2D9E0CE328120BC8000E4321 /* CreateCodeDTO.swift in Sources */ = {isa = PBXBuildFile; fileRef = 2D9E0CE228120BC8000E4321 /* CreateCodeDTO.swift */; };
		2D9E0CE528120C46000E4321 /* RemoteAuthCodeCreator.swift in Sources */ = {isa = PBXBuildFile; fileRef = 2D9E0CE428120C46000E4321 /* RemoteAuthCodeCreator.swift */; };
		2D9E0CE828121111000E4321 /* AuthEndpoints.swift in Sources */ = {isa = PBXBuildFile; fileRef = 2D9E0CE728121111000E4321 /* AuthEndpoints.swift */; };
		2D9E0CED281216FE000E4321 /* AlertView.swift in Sources */ = {isa = PBXBuildFile; fileRef = 2D9E0CEC281216FE000E4321 /* AlertView.swift */; };
		2D9E0CEF28121707000E4321 /* AlertViewController.swift in Sources */ = {isa = PBXBuildFile; fileRef = 2D9E0CEE28121707000E4321 /* AlertViewController.swift */; };
		2D9E0CF528121A2E000E4321 /* Shared.xcassets in Resources */ = {isa = PBXBuildFile; fileRef = 2D9E0CF428121A2E000E4321 /* Shared.xcassets */; };
		2D9E0CFE2812264B000E4321 /* Localized+Error.swift in Sources */ = {isa = PBXBuildFile; fileRef = 2D9E0CFD2812264B000E4321 /* Localized+Error.swift */; };
		2D9E0D0128122658000E4321 /* Error.strings in Resources */ = {isa = PBXBuildFile; fileRef = 2D9E0D0328122658000E4321 /* Error.strings */; };
		2D9E0D0928122734000E4321 /* ValidateCodeView.swift in Sources */ = {isa = PBXBuildFile; fileRef = 2D9E0D0828122734000E4321 /* ValidateCodeView.swift */; };
		2D9E0D0B2812273F000E4321 /* ValidatePhoneViewController.swift in Sources */ = {isa = PBXBuildFile; fileRef = 2D9E0D0A2812273F000E4321 /* ValidatePhoneViewController.swift */; };
		2D9E0D1428122A9A000E4321 /* ValidateCodeViewModel.swift in Sources */ = {isa = PBXBuildFile; fileRef = 2D9E0D1328122A9A000E4321 /* ValidateCodeViewModel.swift */; };
		2D9E0D1628122AA6000E4321 /* Localized+ValidatePhone.swift in Sources */ = {isa = PBXBuildFile; fileRef = 2D9E0D1528122AA6000E4321 /* Localized+ValidatePhone.swift */; };
		2D9E0D1928122AB3000E4321 /* ValidateCode.strings in Resources */ = {isa = PBXBuildFile; fileRef = 2D9E0D1B28122AB3000E4321 /* ValidateCode.strings */; };
		2D9E0D2128123132000E4321 /* DeviceHelper.swift in Sources */ = {isa = PBXBuildFile; fileRef = 2D9E0D2028123132000E4321 /* DeviceHelper.swift */; };
		2D9E0D25281232DB000E4321 /* AuthCodeValidator.swift in Sources */ = {isa = PBXBuildFile; fileRef = 2D9E0D24281232DB000E4321 /* AuthCodeValidator.swift */; };
		2D9E0D27281232FF000E4321 /* ValidateCode.swift in Sources */ = {isa = PBXBuildFile; fileRef = 2D9E0D26281232FF000E4321 /* ValidateCode.swift */; };
		2D9E0D2A281233A7000E4321 /* ValidateCodeDTO.swift in Sources */ = {isa = PBXBuildFile; fileRef = 2D9E0D29281233A7000E4321 /* ValidateCodeDTO.swift */; };
		2D9E0D2C2812344C000E4321 /* RemoteAuthCodeValidator.swift in Sources */ = {isa = PBXBuildFile; fileRef = 2D9E0D2B2812344C000E4321 /* RemoteAuthCodeValidator.swift */; };
		2D9E0D322812384D000E4321 /* ValidateCodeRequest.swift in Sources */ = {isa = PBXBuildFile; fileRef = 2D9E0D312812384D000E4321 /* ValidateCodeRequest.swift */; };
		2D9E0D342812B215000E4321 /* CMLErrorDTO.swift in Sources */ = {isa = PBXBuildFile; fileRef = 2D9E0D332812B215000E4321 /* CMLErrorDTO.swift */; };
		2D9E0D362812B5E0000E4321 /* CMLError.swift in Sources */ = {isa = PBXBuildFile; fileRef = 2D9E0D352812B5E0000E4321 /* CMLError.swift */; };
		2D9E0D3A2812C7A3000E4321 /* AlertViewModel.swift in Sources */ = {isa = PBXBuildFile; fileRef = 2D9E0D392812C7A3000E4321 /* AlertViewModel.swift */; };
		2D9E0D3D2812C7C6000E4321 /* Alert.strings in Resources */ = {isa = PBXBuildFile; fileRef = 2D9E0D3F2812C7C6000E4321 /* Alert.strings */; };
		2D9E0D422812C7E1000E4321 /* Localized+Alert.swift in Sources */ = {isa = PBXBuildFile; fileRef = 2D9E0D412812C7E1000E4321 /* Localized+Alert.swift */; };
		2D9E0D452812C871000E4321 /* Alert.swift in Sources */ = {isa = PBXBuildFile; fileRef = 2D9E0D442812C871000E4321 /* Alert.swift */; };
		2D9E0D5A2812F508000E4321 /* EventProductLoader.swift in Sources */ = {isa = PBXBuildFile; fileRef = 2D9E0D592812F508000E4321 /* EventProductLoader.swift */; };
		2D9E0D602812F5A9000E4321 /* Product.swift in Sources */ = {isa = PBXBuildFile; fileRef = 2D9E0D5F2812F5A9000E4321 /* Product.swift */; };
		2D9E0D622812F5D9000E4321 /* Double+Extensions.swift in Sources */ = {isa = PBXBuildFile; fileRef = 2D9E0D612812F5D9000E4321 /* Double+Extensions.swift */; };
		2D9E0D642812F63E000E4321 /* ProductDTO.swift in Sources */ = {isa = PBXBuildFile; fileRef = 2D9E0D632812F63E000E4321 /* ProductDTO.swift */; };
		2D9E0D672812F6AD000E4321 /* RemoteEventProductLoader.swift in Sources */ = {isa = PBXBuildFile; fileRef = 2D9E0D662812F6AD000E4321 /* RemoteEventProductLoader.swift */; };
		2D9E0D692812F800000E4321 /* ProductResponseDTO.swift in Sources */ = {isa = PBXBuildFile; fileRef = 2D9E0D682812F800000E4321 /* ProductResponseDTO.swift */; };
		2D9E0D6B2812F82A000E4321 /* ProductResponse.swift in Sources */ = {isa = PBXBuildFile; fileRef = 2D9E0D6A2812F82A000E4321 /* ProductResponse.swift */; };
		2D9E0D6E2812FDAC000E4321 /* String+Helpers.swift in Sources */ = {isa = PBXBuildFile; fileRef = 2D9E0D6D2812FDAC000E4321 /* String+Helpers.swift */; };
		2D9E0D722813017E000E4321 /* ProductCell.swift in Sources */ = {isa = PBXBuildFile; fileRef = 2D9E0D712813017E000E4321 /* ProductCell.swift */; };
		2D9E0D74281301B4000E4321 /* EventProductViewModel.swift in Sources */ = {isa = PBXBuildFile; fileRef = 2D9E0D73281301B4000E4321 /* EventProductViewModel.swift */; };
		2D9E0D762813025F000E4321 /* BroadcastEventProductsController.swift in Sources */ = {isa = PBXBuildFile; fileRef = 2D9E0D752813025F000E4321 /* BroadcastEventProductsController.swift */; };
		2D9E0D7928131649000E4321 /* ProductCellController.swift in Sources */ = {isa = PBXBuildFile; fileRef = 2D9E0D7828131649000E4321 /* ProductCellController.swift */; };
		2D9E0D7B28131699000E4321 /* ProductViewModel.swift in Sources */ = {isa = PBXBuildFile; fileRef = 2D9E0D7A28131699000E4321 /* ProductViewModel.swift */; };
		2D9E0D812813215C000E4321 /* UILabel+Helpers.swift in Sources */ = {isa = PBXBuildFile; fileRef = 2D9E0D802813215C000E4321 /* UILabel+Helpers.swift */; };
		2D9E0D83281322A6000E4321 /* BadgeContainer.swift in Sources */ = {isa = PBXBuildFile; fileRef = 2D9E0D82281322A6000E4321 /* BadgeContainer.swift */; };
		2D9E0D8728132EBF000E4321 /* WebSocketConnector.swift in Sources */ = {isa = PBXBuildFile; fileRef = 2D9E0D8628132EBF000E4321 /* WebSocketConnector.swift */; };
		2D9E0D8928132FE7000E4321 /* RemoteViewerLoader.swift in Sources */ = {isa = PBXBuildFile; fileRef = 2D9E0D8828132FE7000E4321 /* RemoteViewerLoader.swift */; };
		2D9E0D8B28133125000E4321 /* ViewerListener.swift in Sources */ = {isa = PBXBuildFile; fileRef = 2D9E0D8A28133125000E4321 /* ViewerListener.swift */; };
		2D9E0D8D28133EED000E4321 /* ViewerViewModel.swift in Sources */ = {isa = PBXBuildFile; fileRef = 2D9E0D8C28133EED000E4321 /* ViewerViewModel.swift */; };
		2D9E0D93281348E5000E4321 /* VirtualViewerDTO.swift in Sources */ = {isa = PBXBuildFile; fileRef = 2D9E0D92281348E5000E4321 /* VirtualViewerDTO.swift */; };
		2DBFF5F728119306006F7E40 /* LandingViewController.swift in Sources */ = {isa = PBXBuildFile; fileRef = 2DBFF5F628119306006F7E40 /* LandingViewController.swift */; };
		2DBFF5F92811930F006F7E40 /* LandingView.swift in Sources */ = {isa = PBXBuildFile; fileRef = 2DBFF5F82811930F006F7E40 /* LandingView.swift */; };
		2DCAB45B280AB5DF00308095 /* ClickmeliveHostCore.framework in Frameworks */ = {isa = PBXBuildFile; fileRef = 2DCAB452280AB5DF00308095 /* ClickmeliveHostCore.framework */; };
		2DCAB472280ABAA500308095 /* HTTPClient.swift in Sources */ = {isa = PBXBuildFile; fileRef = 2DCAB471280ABAA500308095 /* HTTPClient.swift */; };
		2DCAB475280ABACF00308095 /* HTTPURLResponse+StatusCode.swift in Sources */ = {isa = PBXBuildFile; fileRef = 2DCAB474280ABACF00308095 /* HTTPURLResponse+StatusCode.swift */; };
		2DCAB477280ABAEC00308095 /* URLSessionHTTPClient.swift in Sources */ = {isa = PBXBuildFile; fileRef = 2DCAB476280ABAEC00308095 /* URLSessionHTTPClient.swift */; };
		2DCAB479280ABAFF00308095 /* URLRequestBuilder.swift in Sources */ = {isa = PBXBuildFile; fileRef = 2DCAB478280ABAFF00308095 /* URLRequestBuilder.swift */; };
		2DCAB47F280ABB6000308095 /* AuthenticatedURLRequestBuilderDecorator.swift in Sources */ = {isa = PBXBuildFile; fileRef = 2DCAB47E280ABB6000308095 /* AuthenticatedURLRequestBuilderDecorator.swift */; };
		2DCAB48D280ABBB600308095 /* ClickmeliveHostCoreIOS.framework in Frameworks */ = {isa = PBXBuildFile; fileRef = 2DCAB485280ABBB600308095 /* ClickmeliveHostCoreIOS.framework */; };
		2DCAB4A0280ABD9800308095 /* Fonts.swift in Sources */ = {isa = PBXBuildFile; fileRef = 2DCAB49F280ABD9800308095 /* Fonts.swift */; };
		2DCAB4A2280ABDA700308095 /* Colors.swift in Sources */ = {isa = PBXBuildFile; fileRef = 2DCAB4A1280ABDA700308095 /* Colors.swift */; };
		2DCAB4A5280ABDC400308095 /* UIColor+Helpers.swift in Sources */ = {isa = PBXBuildFile; fileRef = 2DCAB4A4280ABDC400308095 /* UIColor+Helpers.swift */; };
		2DCAB4A7280ABDCD00308095 /* UIView+Helpers.swift in Sources */ = {isa = PBXBuildFile; fileRef = 2DCAB4A6280ABDCD00308095 /* UIView+Helpers.swift */; };
		2DCAB4AE280ABEB100308095 /* UITableView+Dequeueing.swift in Sources */ = {isa = PBXBuildFile; fileRef = 2DCAB4AD280ABEB100308095 /* UITableView+Dequeueing.swift */; };
		2DCAB4B2280ABED800308095 /* Layoutable.swift in Sources */ = {isa = PBXBuildFile; fileRef = 2DCAB4B1280ABED800308095 /* Layoutable.swift */; };
		2DCAB4B4280ABEEB00308095 /* Layouting.swift in Sources */ = {isa = PBXBuildFile; fileRef = 2DCAB4B3280ABEEB00308095 /* Layouting.swift */; };
		2DCAB4B9280AC34B00308095 /* ListEventsViewController.swift in Sources */ = {isa = PBXBuildFile; fileRef = 2DCAB4B8280AC34B00308095 /* ListEventsViewController.swift */; };
		2DCAB4BB280AC55800308095 /* ListEventsView.swift in Sources */ = {isa = PBXBuildFile; fileRef = 2DCAB4BA280AC55800308095 /* ListEventsView.swift */; };
		2DCAB4C1280AC8EA00308095 /* EventCell.swift in Sources */ = {isa = PBXBuildFile; fileRef = 2DCAB4C0280AC8EA00308095 /* EventCell.swift */; };
		2DCAB4C3280AD6D000308095 /* ListEventCellController.swift in Sources */ = {isa = PBXBuildFile; fileRef = 2DCAB4C2280AD6D000308095 /* ListEventCellController.swift */; };
		2DCAB4C9280AD89200308095 /* EventEndpoints.swift in Sources */ = {isa = PBXBuildFile; fileRef = 2DCAB4C8280AD89200308095 /* EventEndpoints.swift */; };
		2DCAB4CB280AD94800308095 /* EventLoader.swift in Sources */ = {isa = PBXBuildFile; fileRef = 2DCAB4CA280AD94800308095 /* EventLoader.swift */; };
		2DCAB4CE280AD99600308095 /* EventDTO.swift in Sources */ = {isa = PBXBuildFile; fileRef = 2DCAB4CD280AD99600308095 /* EventDTO.swift */; };
		2DCAB4D1280AD9BF00308095 /* Event.swift in Sources */ = {isa = PBXBuildFile; fileRef = 2DCAB4D0280AD9BF00308095 /* Event.swift */; };
		2DCAB4D3280ADA2500308095 /* User.swift in Sources */ = {isa = PBXBuildFile; fileRef = 2DCAB4D2280ADA2500308095 /* User.swift */; };
		2DCAB4D5280ADA4D00308095 /* UserDTO.swift in Sources */ = {isa = PBXBuildFile; fileRef = 2DCAB4D4280ADA4D00308095 /* UserDTO.swift */; };
		2DCAB4D7280ADB0500308095 /* RemoteEventLoader.swift in Sources */ = {isa = PBXBuildFile; fileRef = 2DCAB4D6280ADB0500308095 /* RemoteEventLoader.swift */; };
		2DCAB4DB280ADC3700308095 /* EventResponseDTO.swift in Sources */ = {isa = PBXBuildFile; fileRef = 2DCAB4DA280ADC3700308095 /* EventResponseDTO.swift */; };
		2DCAB4DE280ADD0000308095 /* ListEventsViewModel.swift in Sources */ = {isa = PBXBuildFile; fileRef = 2DCAB4DD280ADD0000308095 /* ListEventsViewModel.swift */; };
		2DCAB4E0280ADDCF00308095 /* ListEventRefreshController.swift in Sources */ = {isa = PBXBuildFile; fileRef = 2DCAB4DF280ADDCF00308095 /* ListEventRefreshController.swift */; };
		2DCAB4E2280ADF2900308095 /* ClickmeliveHostCore.framework in Frameworks */ = {isa = PBXBuildFile; fileRef = 2DCAB452280AB5DF00308095 /* ClickmeliveHostCore.framework */; };
		2DCAB4E3280ADF2900308095 /* ClickmeliveHostCore.framework in Embed Frameworks */ = {isa = PBXBuildFile; fileRef = 2DCAB452280AB5DF00308095 /* ClickmeliveHostCore.framework */; settings = {ATTRIBUTES = (CodeSignOnCopy, RemoveHeadersOnCopy, ); }; };
		2DCAB4F1280AE66400308095 /* DateFormatter+Extensions.swift in Sources */ = {isa = PBXBuildFile; fileRef = 2DCAB4F0280AE66400308095 /* DateFormatter+Extensions.swift */; };
		2DCAB557280B679F00308095 /* EventViewModel.swift in Sources */ = {isa = PBXBuildFile; fileRef = 2DCAB556280B679F00308095 /* EventViewModel.swift */; };
		2DCAB55C280B6B0600308095 /* BroadcastViewController.swift in Sources */ = {isa = PBXBuildFile; fileRef = 2DCAB55B280B6B0600308095 /* BroadcastViewController.swift */; };
		2DCAB55E280B6B0F00308095 /* BroadcastView.swift in Sources */ = {isa = PBXBuildFile; fileRef = 2DCAB55D280B6B0F00308095 /* BroadcastView.swift */; };
		2DD39888280C12E400A575DA /* AmazonIVSBroadcast.xcframework in Frameworks */ = {isa = PBXBuildFile; fileRef = 2DD39885280C128000A575DA /* AmazonIVSBroadcast.xcframework */; };
		2DD39889280C12E400A575DA /* AmazonIVSBroadcast.xcframework in Embed Frameworks */ = {isa = PBXBuildFile; fileRef = 2DD39885280C128000A575DA /* AmazonIVSBroadcast.xcframework */; settings = {ATTRIBUTES = (CodeSignOnCopy, RemoveHeadersOnCopy, ); }; };
		2DD398BA280F264000A575DA /* EventCategoryCellViewModel.swift in Sources */ = {isa = PBXBuildFile; fileRef = 2DD398B9280F264000A575DA /* EventCategoryCellViewModel.swift */; };
		2DD398BE280F7F7A00A575DA /* EventCategoryCell.swift in Sources */ = {isa = PBXBuildFile; fileRef = 2DD398BD280F7F7A00A575DA /* EventCategoryCell.swift */; };
		2DD398C1280FF65200A575DA /* EventCategoryCellController.swift in Sources */ = {isa = PBXBuildFile; fileRef = 2DD398C0280FF65200A575DA /* EventCategoryCellController.swift */; };
		2DD398C3280FF70E00A575DA /* UICollectionView+Dequeueing.swift in Sources */ = {isa = PBXBuildFile; fileRef = 2DD398C2280FF70E00A575DA /* UICollectionView+Dequeueing.swift */; };
		2DD398D72810B80F00A575DA /* SDWebImage in Frameworks */ = {isa = PBXBuildFile; productRef = 2DD398D62810B80F00A575DA /* SDWebImage */; };
		2DD398DB2810B97A00A575DA /* Date+Helpers.swift in Sources */ = {isa = PBXBuildFile; fileRef = 2DD398DA2810B97A00A575DA /* Date+Helpers.swift */; };
		2DD398DD2810B98E00A575DA /* Localized+Date.swift in Sources */ = {isa = PBXBuildFile; fileRef = 2DD398DC2810B98E00A575DA /* Localized+Date.swift */; };
		2DD398E02810B9A400A575DA /* Date.strings in Resources */ = {isa = PBXBuildFile; fileRef = 2DD398E22810B9A400A575DA /* Date.strings */; };
		2DD398E52810B9EF00A575DA /* Localized.swift in Sources */ = {isa = PBXBuildFile; fileRef = 2DD398E42810B9EF00A575DA /* Localized.swift */; };
		2DD398E72810C02100A575DA /* ListEvents.xcassets in Resources */ = {isa = PBXBuildFile; fileRef = 2DD398E62810C02100A575DA /* ListEvents.xcassets */; };
		2DD398F72810C80400A575DA /* Paginated.swift in Sources */ = {isa = PBXBuildFile; fileRef = 2DD398F62810C80400A575DA /* Paginated.swift */; };
		2DD398F92810CA5400A575DA /* Metadata.swift in Sources */ = {isa = PBXBuildFile; fileRef = 2DD398F82810CA5400A575DA /* Metadata.swift */; };
		2DD398FB2810CA9900A575DA /* EventResponse.swift in Sources */ = {isa = PBXBuildFile; fileRef = 2DD398FA2810CA9900A575DA /* EventResponse.swift */; };
		2DD398FD2810D1AF00A575DA /* Broadcast.xcassets in Resources */ = {isa = PBXBuildFile; fileRef = 2DD398FC2810D1AF00A575DA /* Broadcast.xcassets */; };
/* End PBXBuildFile section */

/* Begin PBXContainerItemProxy section */
		2DCAB45C280AB5DF00308095 /* PBXContainerItemProxy */ = {
			isa = PBXContainerItemProxy;
			containerPortal = 2DCAB449280AB5DF00308095 /* Project object */;
			proxyType = 1;
			remoteGlobalIDString = 2DCAB451280AB5DF00308095;
			remoteInfo = ClickmeliveHostCore;
		};
		2DCAB48E280ABBB600308095 /* PBXContainerItemProxy */ = {
			isa = PBXContainerItemProxy;
			containerPortal = 2DCAB449280AB5DF00308095 /* Project object */;
			proxyType = 1;
			remoteGlobalIDString = 2DCAB484280ABBB600308095;
			remoteInfo = ClickmeliveHostCoreIOS;
		};
		2DCAB4E4280ADF2900308095 /* PBXContainerItemProxy */ = {
			isa = PBXContainerItemProxy;
			containerPortal = 2DCAB449280AB5DF00308095 /* Project object */;
			proxyType = 1;
			remoteGlobalIDString = 2DCAB451280AB5DF00308095;
			remoteInfo = ClickmeliveHostCore;
		};
/* End PBXContainerItemProxy section */

/* Begin PBXCopyFilesBuildPhase section */
		2DCAB4E6280ADF2900308095 /* Embed Frameworks */ = {
			isa = PBXCopyFilesBuildPhase;
			buildActionMask = 2147483647;
			dstPath = "";
			dstSubfolderSpec = 10;
			files = (
				2DD39889280C12E400A575DA /* AmazonIVSBroadcast.xcframework in Embed Frameworks */,
				2DCAB4E3280ADF2900308095 /* ClickmeliveHostCore.framework in Embed Frameworks */,
			);
			name = "Embed Frameworks";
			runOnlyForDeploymentPostprocessing = 0;
		};
/* End PBXCopyFilesBuildPhase section */

/* Begin PBXFileReference section */
		2D9E0C842811CDC0000E4321 /* Auth.xcassets */ = {isa = PBXFileReference; lastKnownFileType = folder.assetcatalog; path = Auth.xcassets; sourceTree = "<group>"; };
		2D9E0C9D2811E7B8000E4321 /* Localized+Landing.swift */ = {isa = PBXFileReference; lastKnownFileType = sourcecode.swift; path = "Localized+Landing.swift"; sourceTree = "<group>"; };
		2D9E0CA22811E7C9000E4321 /* en */ = {isa = PBXFileReference; lastKnownFileType = text.plist.strings; name = en; path = en.lproj/Landing.strings; sourceTree = "<group>"; };
		2D9E0CA42811E7CA000E4321 /* tr */ = {isa = PBXFileReference; lastKnownFileType = text.plist.strings; name = tr; path = tr.lproj/Landing.strings; sourceTree = "<group>"; };
		2D9E0CA62811E82B000E4321 /* LandingViewModel.swift */ = {isa = PBXFileReference; lastKnownFileType = sourcecode.swift; path = LandingViewModel.swift; sourceTree = "<group>"; };
		2D9E0CAB2811EE09000E4321 /* EnterPhoneViewController.swift */ = {isa = PBXFileReference; lastKnownFileType = sourcecode.swift; path = EnterPhoneViewController.swift; sourceTree = "<group>"; };
		2D9E0CAD2811EE11000E4321 /* EnterPhoneView.swift */ = {isa = PBXFileReference; lastKnownFileType = sourcecode.swift; path = EnterPhoneView.swift; sourceTree = "<group>"; };
		2D9E0CB72811F377000E4321 /* CMLTextField.swift */ = {isa = PBXFileReference; lastKnownFileType = sourcecode.swift; path = CMLTextField.swift; sourceTree = "<group>"; };
		2D9E0CB92811F44B000E4321 /* CMLButton.swift */ = {isa = PBXFileReference; lastKnownFileType = sourcecode.swift; path = CMLButton.swift; sourceTree = "<group>"; };
		2D9E0CC92811F866000E4321 /* EnterPhoneViewModel.swift */ = {isa = PBXFileReference; lastKnownFileType = sourcecode.swift; path = EnterPhoneViewModel.swift; sourceTree = "<group>"; };
		2D9E0CCE2811F8A4000E4321 /* en */ = {isa = PBXFileReference; lastKnownFileType = text.plist.strings; name = en; path = en.lproj/EnterPhone.strings; sourceTree = "<group>"; };
		2D9E0CD02811F8A6000E4321 /* tr */ = {isa = PBXFileReference; lastKnownFileType = text.plist.strings; name = tr; path = tr.lproj/EnterPhone.strings; sourceTree = "<group>"; };
		2D9E0CD12811F975000E4321 /* Localized+EnterPhone.swift */ = {isa = PBXFileReference; lastKnownFileType = sourcecode.swift; path = "Localized+EnterPhone.swift"; sourceTree = "<group>"; };
		2D9E0CD7281202B9000E4321 /* String+Extensions.swift */ = {isa = PBXFileReference; lastKnownFileType = sourcecode.swift; path = "String+Extensions.swift"; sourceTree = "<group>"; };
		2D9E0CDA2812047B000E4321 /* ValidationHandler.swift */ = {isa = PBXFileReference; lastKnownFileType = sourcecode.swift; path = ValidationHandler.swift; sourceTree = "<group>"; };
		2D9E0CDD28120AC8000E4321 /* AuthCodeCreator.swift */ = {isa = PBXFileReference; lastKnownFileType = sourcecode.swift; path = AuthCodeCreator.swift; sourceTree = "<group>"; };
		2D9E0CDF28120B3A000E4321 /* CreateCode.swift */ = {isa = PBXFileReference; lastKnownFileType = sourcecode.swift; path = CreateCode.swift; sourceTree = "<group>"; };
		2D9E0CE228120BC8000E4321 /* CreateCodeDTO.swift */ = {isa = PBXFileReference; lastKnownFileType = sourcecode.swift; path = CreateCodeDTO.swift; sourceTree = "<group>"; };
		2D9E0CE428120C46000E4321 /* RemoteAuthCodeCreator.swift */ = {isa = PBXFileReference; lastKnownFileType = sourcecode.swift; path = RemoteAuthCodeCreator.swift; sourceTree = "<group>"; };
		2D9E0CE728121111000E4321 /* AuthEndpoints.swift */ = {isa = PBXFileReference; lastKnownFileType = sourcecode.swift; path = AuthEndpoints.swift; sourceTree = "<group>"; };
		2D9E0CEC281216FE000E4321 /* AlertView.swift */ = {isa = PBXFileReference; lastKnownFileType = sourcecode.swift; path = AlertView.swift; sourceTree = "<group>"; };
		2D9E0CEE28121707000E4321 /* AlertViewController.swift */ = {isa = PBXFileReference; lastKnownFileType = sourcecode.swift; path = AlertViewController.swift; sourceTree = "<group>"; };
		2D9E0CF428121A2E000E4321 /* Shared.xcassets */ = {isa = PBXFileReference; lastKnownFileType = folder.assetcatalog; path = Shared.xcassets; sourceTree = "<group>"; };
		2D9E0CFD2812264B000E4321 /* Localized+Error.swift */ = {isa = PBXFileReference; lastKnownFileType = sourcecode.swift; path = "Localized+Error.swift"; sourceTree = "<group>"; };
		2D9E0D0228122658000E4321 /* en */ = {isa = PBXFileReference; lastKnownFileType = text.plist.strings; name = en; path = en.lproj/Error.strings; sourceTree = "<group>"; };
		2D9E0D0428122659000E4321 /* tr */ = {isa = PBXFileReference; lastKnownFileType = text.plist.strings; name = tr; path = tr.lproj/Error.strings; sourceTree = "<group>"; };
		2D9E0D0828122734000E4321 /* ValidateCodeView.swift */ = {isa = PBXFileReference; lastKnownFileType = sourcecode.swift; path = ValidateCodeView.swift; sourceTree = "<group>"; };
		2D9E0D0A2812273F000E4321 /* ValidatePhoneViewController.swift */ = {isa = PBXFileReference; lastKnownFileType = sourcecode.swift; path = ValidatePhoneViewController.swift; sourceTree = "<group>"; };
		2D9E0D1328122A9A000E4321 /* ValidateCodeViewModel.swift */ = {isa = PBXFileReference; lastKnownFileType = sourcecode.swift; path = ValidateCodeViewModel.swift; sourceTree = "<group>"; };
		2D9E0D1528122AA6000E4321 /* Localized+ValidatePhone.swift */ = {isa = PBXFileReference; lastKnownFileType = sourcecode.swift; path = "Localized+ValidatePhone.swift"; sourceTree = "<group>"; };
		2D9E0D1A28122AB3000E4321 /* en */ = {isa = PBXFileReference; lastKnownFileType = text.plist.strings; name = en; path = en.lproj/ValidateCode.strings; sourceTree = "<group>"; };
		2D9E0D1C28122AB5000E4321 /* tr */ = {isa = PBXFileReference; lastKnownFileType = text.plist.strings; name = tr; path = tr.lproj/ValidateCode.strings; sourceTree = "<group>"; };
		2D9E0D2028123132000E4321 /* DeviceHelper.swift */ = {isa = PBXFileReference; lastKnownFileType = sourcecode.swift; path = DeviceHelper.swift; sourceTree = "<group>"; };
		2D9E0D24281232DB000E4321 /* AuthCodeValidator.swift */ = {isa = PBXFileReference; lastKnownFileType = sourcecode.swift; path = AuthCodeValidator.swift; sourceTree = "<group>"; };
		2D9E0D26281232FF000E4321 /* ValidateCode.swift */ = {isa = PBXFileReference; lastKnownFileType = sourcecode.swift; path = ValidateCode.swift; sourceTree = "<group>"; };
		2D9E0D29281233A7000E4321 /* ValidateCodeDTO.swift */ = {isa = PBXFileReference; lastKnownFileType = sourcecode.swift; path = ValidateCodeDTO.swift; sourceTree = "<group>"; };
		2D9E0D2B2812344C000E4321 /* RemoteAuthCodeValidator.swift */ = {isa = PBXFileReference; lastKnownFileType = sourcecode.swift; path = RemoteAuthCodeValidator.swift; sourceTree = "<group>"; };
		2D9E0D312812384D000E4321 /* ValidateCodeRequest.swift */ = {isa = PBXFileReference; lastKnownFileType = sourcecode.swift; path = ValidateCodeRequest.swift; sourceTree = "<group>"; };
		2D9E0D332812B215000E4321 /* CMLErrorDTO.swift */ = {isa = PBXFileReference; lastKnownFileType = sourcecode.swift; path = CMLErrorDTO.swift; sourceTree = "<group>"; };
		2D9E0D352812B5E0000E4321 /* CMLError.swift */ = {isa = PBXFileReference; lastKnownFileType = sourcecode.swift; path = CMLError.swift; sourceTree = "<group>"; };
		2D9E0D392812C7A3000E4321 /* AlertViewModel.swift */ = {isa = PBXFileReference; lastKnownFileType = sourcecode.swift; path = AlertViewModel.swift; sourceTree = "<group>"; };
		2D9E0D3E2812C7C6000E4321 /* en */ = {isa = PBXFileReference; lastKnownFileType = text.plist.strings; name = en; path = en.lproj/Alert.strings; sourceTree = "<group>"; };
		2D9E0D402812C7C7000E4321 /* tr */ = {isa = PBXFileReference; lastKnownFileType = text.plist.strings; name = tr; path = tr.lproj/Alert.strings; sourceTree = "<group>"; };
		2D9E0D412812C7E1000E4321 /* Localized+Alert.swift */ = {isa = PBXFileReference; lastKnownFileType = sourcecode.swift; path = "Localized+Alert.swift"; sourceTree = "<group>"; };
		2D9E0D442812C871000E4321 /* Alert.swift */ = {isa = PBXFileReference; lastKnownFileType = sourcecode.swift; path = Alert.swift; sourceTree = "<group>"; };
		2D9E0D592812F508000E4321 /* EventProductLoader.swift */ = {isa = PBXFileReference; lastKnownFileType = sourcecode.swift; path = EventProductLoader.swift; sourceTree = "<group>"; };
		2D9E0D5F2812F5A9000E4321 /* Product.swift */ = {isa = PBXFileReference; lastKnownFileType = sourcecode.swift; path = Product.swift; sourceTree = "<group>"; };
		2D9E0D612812F5D9000E4321 /* Double+Extensions.swift */ = {isa = PBXFileReference; lastKnownFileType = sourcecode.swift; path = "Double+Extensions.swift"; sourceTree = "<group>"; };
		2D9E0D632812F63E000E4321 /* ProductDTO.swift */ = {isa = PBXFileReference; lastKnownFileType = sourcecode.swift; path = ProductDTO.swift; sourceTree = "<group>"; };
		2D9E0D662812F6AD000E4321 /* RemoteEventProductLoader.swift */ = {isa = PBXFileReference; lastKnownFileType = sourcecode.swift; path = RemoteEventProductLoader.swift; sourceTree = "<group>"; };
		2D9E0D682812F800000E4321 /* ProductResponseDTO.swift */ = {isa = PBXFileReference; lastKnownFileType = sourcecode.swift; path = ProductResponseDTO.swift; sourceTree = "<group>"; };
		2D9E0D6A2812F82A000E4321 /* ProductResponse.swift */ = {isa = PBXFileReference; lastKnownFileType = sourcecode.swift; path = ProductResponse.swift; sourceTree = "<group>"; };
		2D9E0D6D2812FDAC000E4321 /* String+Helpers.swift */ = {isa = PBXFileReference; lastKnownFileType = sourcecode.swift; path = "String+Helpers.swift"; sourceTree = "<group>"; };
		2D9E0D712813017E000E4321 /* ProductCell.swift */ = {isa = PBXFileReference; lastKnownFileType = sourcecode.swift; path = ProductCell.swift; sourceTree = "<group>"; };
		2D9E0D73281301B4000E4321 /* EventProductViewModel.swift */ = {isa = PBXFileReference; lastKnownFileType = sourcecode.swift; path = EventProductViewModel.swift; sourceTree = "<group>"; };
		2D9E0D752813025F000E4321 /* BroadcastEventProductsController.swift */ = {isa = PBXFileReference; lastKnownFileType = sourcecode.swift; path = BroadcastEventProductsController.swift; sourceTree = "<group>"; };
		2D9E0D7828131649000E4321 /* ProductCellController.swift */ = {isa = PBXFileReference; lastKnownFileType = sourcecode.swift; path = ProductCellController.swift; sourceTree = "<group>"; };
		2D9E0D7A28131699000E4321 /* ProductViewModel.swift */ = {isa = PBXFileReference; lastKnownFileType = sourcecode.swift; path = ProductViewModel.swift; sourceTree = "<group>"; };
		2D9E0D802813215C000E4321 /* UILabel+Helpers.swift */ = {isa = PBXFileReference; lastKnownFileType = sourcecode.swift; path = "UILabel+Helpers.swift"; sourceTree = "<group>"; };
		2D9E0D82281322A6000E4321 /* BadgeContainer.swift */ = {isa = PBXFileReference; lastKnownFileType = sourcecode.swift; path = BadgeContainer.swift; sourceTree = "<group>"; };
		2D9E0D8628132EBF000E4321 /* WebSocketConnector.swift */ = {isa = PBXFileReference; lastKnownFileType = sourcecode.swift; path = WebSocketConnector.swift; sourceTree = "<group>"; };
		2D9E0D8828132FE7000E4321 /* RemoteViewerLoader.swift */ = {isa = PBXFileReference; lastKnownFileType = sourcecode.swift; path = RemoteViewerLoader.swift; sourceTree = "<group>"; };
		2D9E0D8A28133125000E4321 /* ViewerListener.swift */ = {isa = PBXFileReference; lastKnownFileType = sourcecode.swift; path = ViewerListener.swift; sourceTree = "<group>"; };
		2D9E0D8C28133EED000E4321 /* ViewerViewModel.swift */ = {isa = PBXFileReference; lastKnownFileType = sourcecode.swift; path = ViewerViewModel.swift; sourceTree = "<group>"; };
		2D9E0D92281348E5000E4321 /* VirtualViewerDTO.swift */ = {isa = PBXFileReference; lastKnownFileType = sourcecode.swift; path = VirtualViewerDTO.swift; sourceTree = "<group>"; };
		2DBFF5F628119306006F7E40 /* LandingViewController.swift */ = {isa = PBXFileReference; lastKnownFileType = sourcecode.swift; path = LandingViewController.swift; sourceTree = "<group>"; };
		2DBFF5F82811930F006F7E40 /* LandingView.swift */ = {isa = PBXFileReference; lastKnownFileType = sourcecode.swift; path = LandingView.swift; sourceTree = "<group>"; };
		2DCAB452280AB5DF00308095 /* ClickmeliveHostCore.framework */ = {isa = PBXFileReference; explicitFileType = wrapper.framework; includeInIndex = 0; path = ClickmeliveHostCore.framework; sourceTree = BUILT_PRODUCTS_DIR; };
		2DCAB45A280AB5DF00308095 /* ClickmeliveHostCoreTests.xctest */ = {isa = PBXFileReference; explicitFileType = wrapper.cfbundle; includeInIndex = 0; path = ClickmeliveHostCoreTests.xctest; sourceTree = BUILT_PRODUCTS_DIR; };
		2DCAB471280ABAA500308095 /* HTTPClient.swift */ = {isa = PBXFileReference; lastKnownFileType = sourcecode.swift; path = HTTPClient.swift; sourceTree = "<group>"; };
		2DCAB474280ABACF00308095 /* HTTPURLResponse+StatusCode.swift */ = {isa = PBXFileReference; lastKnownFileType = sourcecode.swift; path = "HTTPURLResponse+StatusCode.swift"; sourceTree = "<group>"; };
		2DCAB476280ABAEC00308095 /* URLSessionHTTPClient.swift */ = {isa = PBXFileReference; lastKnownFileType = sourcecode.swift; path = URLSessionHTTPClient.swift; sourceTree = "<group>"; };
		2DCAB478280ABAFF00308095 /* URLRequestBuilder.swift */ = {isa = PBXFileReference; lastKnownFileType = sourcecode.swift; path = URLRequestBuilder.swift; sourceTree = "<group>"; };
		2DCAB47E280ABB6000308095 /* AuthenticatedURLRequestBuilderDecorator.swift */ = {isa = PBXFileReference; lastKnownFileType = sourcecode.swift; path = AuthenticatedURLRequestBuilderDecorator.swift; sourceTree = "<group>"; };
		2DCAB485280ABBB600308095 /* ClickmeliveHostCoreIOS.framework */ = {isa = PBXFileReference; explicitFileType = wrapper.framework; includeInIndex = 0; path = ClickmeliveHostCoreIOS.framework; sourceTree = BUILT_PRODUCTS_DIR; };
		2DCAB48C280ABBB600308095 /* ClickmeliveHostCoreIOSTests.xctest */ = {isa = PBXFileReference; explicitFileType = wrapper.cfbundle; includeInIndex = 0; path = ClickmeliveHostCoreIOSTests.xctest; sourceTree = BUILT_PRODUCTS_DIR; };
		2DCAB49D280ABD7700308095 /* Info.plist */ = {isa = PBXFileReference; lastKnownFileType = text.plist; path = Info.plist; sourceTree = "<group>"; };
		2DCAB49F280ABD9800308095 /* Fonts.swift */ = {isa = PBXFileReference; lastKnownFileType = sourcecode.swift; path = Fonts.swift; sourceTree = "<group>"; };
		2DCAB4A1280ABDA700308095 /* Colors.swift */ = {isa = PBXFileReference; lastKnownFileType = sourcecode.swift; path = Colors.swift; sourceTree = "<group>"; };
		2DCAB4A4280ABDC400308095 /* UIColor+Helpers.swift */ = {isa = PBXFileReference; lastKnownFileType = sourcecode.swift; path = "UIColor+Helpers.swift"; sourceTree = "<group>"; };
		2DCAB4A6280ABDCD00308095 /* UIView+Helpers.swift */ = {isa = PBXFileReference; lastKnownFileType = sourcecode.swift; path = "UIView+Helpers.swift"; sourceTree = "<group>"; };
		2DCAB4AD280ABEB100308095 /* UITableView+Dequeueing.swift */ = {isa = PBXFileReference; lastKnownFileType = sourcecode.swift; path = "UITableView+Dequeueing.swift"; sourceTree = "<group>"; };
		2DCAB4B1280ABED800308095 /* Layoutable.swift */ = {isa = PBXFileReference; lastKnownFileType = sourcecode.swift; path = Layoutable.swift; sourceTree = "<group>"; };
		2DCAB4B3280ABEEB00308095 /* Layouting.swift */ = {isa = PBXFileReference; lastKnownFileType = sourcecode.swift; path = Layouting.swift; sourceTree = "<group>"; };
		2DCAB4B8280AC34B00308095 /* ListEventsViewController.swift */ = {isa = PBXFileReference; lastKnownFileType = sourcecode.swift; path = ListEventsViewController.swift; sourceTree = "<group>"; };
		2DCAB4BA280AC55800308095 /* ListEventsView.swift */ = {isa = PBXFileReference; lastKnownFileType = sourcecode.swift; path = ListEventsView.swift; sourceTree = "<group>"; };
		2DCAB4C0280AC8EA00308095 /* EventCell.swift */ = {isa = PBXFileReference; lastKnownFileType = sourcecode.swift; path = EventCell.swift; sourceTree = "<group>"; };
		2DCAB4C2280AD6D000308095 /* ListEventCellController.swift */ = {isa = PBXFileReference; lastKnownFileType = sourcecode.swift; path = ListEventCellController.swift; sourceTree = "<group>"; };
		2DCAB4C8280AD89200308095 /* EventEndpoints.swift */ = {isa = PBXFileReference; lastKnownFileType = sourcecode.swift; path = EventEndpoints.swift; sourceTree = "<group>"; };
		2DCAB4CA280AD94800308095 /* EventLoader.swift */ = {isa = PBXFileReference; lastKnownFileType = sourcecode.swift; path = EventLoader.swift; sourceTree = "<group>"; };
		2DCAB4CD280AD99600308095 /* EventDTO.swift */ = {isa = PBXFileReference; lastKnownFileType = sourcecode.swift; path = EventDTO.swift; sourceTree = "<group>"; };
		2DCAB4D0280AD9BF00308095 /* Event.swift */ = {isa = PBXFileReference; lastKnownFileType = sourcecode.swift; path = Event.swift; sourceTree = "<group>"; };
		2DCAB4D2280ADA2500308095 /* User.swift */ = {isa = PBXFileReference; lastKnownFileType = sourcecode.swift; path = User.swift; sourceTree = "<group>"; };
		2DCAB4D4280ADA4D00308095 /* UserDTO.swift */ = {isa = PBXFileReference; lastKnownFileType = sourcecode.swift; path = UserDTO.swift; sourceTree = "<group>"; };
		2DCAB4D6280ADB0500308095 /* RemoteEventLoader.swift */ = {isa = PBXFileReference; lastKnownFileType = sourcecode.swift; path = RemoteEventLoader.swift; sourceTree = "<group>"; };
		2DCAB4DA280ADC3700308095 /* EventResponseDTO.swift */ = {isa = PBXFileReference; lastKnownFileType = sourcecode.swift; path = EventResponseDTO.swift; sourceTree = "<group>"; };
		2DCAB4DD280ADD0000308095 /* ListEventsViewModel.swift */ = {isa = PBXFileReference; lastKnownFileType = sourcecode.swift; path = ListEventsViewModel.swift; sourceTree = "<group>"; };
		2DCAB4DF280ADDCF00308095 /* ListEventRefreshController.swift */ = {isa = PBXFileReference; lastKnownFileType = sourcecode.swift; path = ListEventRefreshController.swift; sourceTree = "<group>"; };
		2DCAB4F0280AE66400308095 /* DateFormatter+Extensions.swift */ = {isa = PBXFileReference; lastKnownFileType = sourcecode.swift; path = "DateFormatter+Extensions.swift"; sourceTree = "<group>"; };
		2DCAB556280B679F00308095 /* EventViewModel.swift */ = {isa = PBXFileReference; lastKnownFileType = sourcecode.swift; path = EventViewModel.swift; sourceTree = "<group>"; };
		2DCAB55B280B6B0600308095 /* BroadcastViewController.swift */ = {isa = PBXFileReference; lastKnownFileType = sourcecode.swift; path = BroadcastViewController.swift; sourceTree = "<group>"; };
		2DCAB55D280B6B0F00308095 /* BroadcastView.swift */ = {isa = PBXFileReference; lastKnownFileType = sourcecode.swift; path = BroadcastView.swift; sourceTree = "<group>"; };
		2DD39885280C128000A575DA /* AmazonIVSBroadcast.xcframework */ = {isa = PBXFileReference; lastKnownFileType = wrapper.xcframework; name = AmazonIVSBroadcast.xcframework; path = ../AmazonIVSBroadcast.xcframework; sourceTree = "<group>"; };
		2DD398B9280F264000A575DA /* EventCategoryCellViewModel.swift */ = {isa = PBXFileReference; lastKnownFileType = sourcecode.swift; path = EventCategoryCellViewModel.swift; sourceTree = "<group>"; };
		2DD398BD280F7F7A00A575DA /* EventCategoryCell.swift */ = {isa = PBXFileReference; lastKnownFileType = sourcecode.swift; path = EventCategoryCell.swift; sourceTree = "<group>"; };
		2DD398C0280FF65200A575DA /* EventCategoryCellController.swift */ = {isa = PBXFileReference; lastKnownFileType = sourcecode.swift; path = EventCategoryCellController.swift; sourceTree = "<group>"; };
		2DD398C2280FF70E00A575DA /* UICollectionView+Dequeueing.swift */ = {isa = PBXFileReference; lastKnownFileType = sourcecode.swift; path = "UICollectionView+Dequeueing.swift"; sourceTree = "<group>"; };
		2DD398DA2810B97A00A575DA /* Date+Helpers.swift */ = {isa = PBXFileReference; lastKnownFileType = sourcecode.swift; path = "Date+Helpers.swift"; sourceTree = "<group>"; };
		2DD398DC2810B98E00A575DA /* Localized+Date.swift */ = {isa = PBXFileReference; lastKnownFileType = sourcecode.swift; path = "Localized+Date.swift"; sourceTree = "<group>"; };
		2DD398E12810B9A400A575DA /* en */ = {isa = PBXFileReference; lastKnownFileType = text.plist.strings; name = en; path = en.lproj/Date.strings; sourceTree = "<group>"; };
		2DD398E32810B9C800A575DA /* tr */ = {isa = PBXFileReference; lastKnownFileType = text.plist.strings; name = tr; path = tr.lproj/Date.strings; sourceTree = "<group>"; };
		2DD398E42810B9EF00A575DA /* Localized.swift */ = {isa = PBXFileReference; lastKnownFileType = sourcecode.swift; path = Localized.swift; sourceTree = "<group>"; };
		2DD398E62810C02100A575DA /* ListEvents.xcassets */ = {isa = PBXFileReference; lastKnownFileType = folder.assetcatalog; path = ListEvents.xcassets; sourceTree = "<group>"; };
		2DD398F62810C80400A575DA /* Paginated.swift */ = {isa = PBXFileReference; lastKnownFileType = sourcecode.swift; path = Paginated.swift; sourceTree = "<group>"; };
		2DD398F82810CA5400A575DA /* Metadata.swift */ = {isa = PBXFileReference; lastKnownFileType = sourcecode.swift; path = Metadata.swift; sourceTree = "<group>"; };
		2DD398FA2810CA9900A575DA /* EventResponse.swift */ = {isa = PBXFileReference; lastKnownFileType = sourcecode.swift; path = EventResponse.swift; sourceTree = "<group>"; };
		2DD398FC2810D1AF00A575DA /* Broadcast.xcassets */ = {isa = PBXFileReference; lastKnownFileType = folder.assetcatalog; path = Broadcast.xcassets; sourceTree = "<group>"; };
/* End PBXFileReference section */

/* Begin PBXFrameworksBuildPhase section */
		2DCAB44F280AB5DF00308095 /* Frameworks */ = {
			isa = PBXFrameworksBuildPhase;
			buildActionMask = 2147483647;
			files = (
				2DD398D72810B80F00A575DA /* SDWebImage in Frameworks */,
				2D9E0CC02811F581000E4321 /* IQKeyboardManagerSwift in Frameworks */,
			);
			runOnlyForDeploymentPostprocessing = 0;
		};
		2DCAB457280AB5DF00308095 /* Frameworks */ = {
			isa = PBXFrameworksBuildPhase;
			buildActionMask = 2147483647;
			files = (
				2DCAB45B280AB5DF00308095 /* ClickmeliveHostCore.framework in Frameworks */,
			);
			runOnlyForDeploymentPostprocessing = 0;
		};
		2DCAB482280ABBB600308095 /* Frameworks */ = {
			isa = PBXFrameworksBuildPhase;
			buildActionMask = 2147483647;
			files = (
				2DD39888280C12E400A575DA /* AmazonIVSBroadcast.xcframework in Frameworks */,
				2DCAB4E2280ADF2900308095 /* ClickmeliveHostCore.framework in Frameworks */,
			);
			runOnlyForDeploymentPostprocessing = 0;
		};
		2DCAB489280ABBB600308095 /* Frameworks */ = {
			isa = PBXFrameworksBuildPhase;
			buildActionMask = 2147483647;
			files = (
				2DCAB48D280ABBB600308095 /* ClickmeliveHostCoreIOS.framework in Frameworks */,
			);
			runOnlyForDeploymentPostprocessing = 0;
		};
/* End PBXFrameworksBuildPhase section */

/* Begin PBXGroup section */
		2D9E0C9C2811E798000E4321 /* Landing Presentation */ = {
			isa = PBXGroup;
			children = (
				2D9E0CA62811E82B000E4321 /* LandingViewModel.swift */,
				2D9E0C9D2811E7B8000E4321 /* Localized+Landing.swift */,
				2D9E0CA32811E7C9000E4321 /* Landing.strings */,
			);
			path = "Landing Presentation";
			sourceTree = "<group>";
		};
		2D9E0CA82811EA2A000E4321 /* Enter Phone UI */ = {
			isa = PBXGroup;
			children = (
				2D9E0CA92811EDF6000E4321 /* Controllers */,
				2D9E0CAA2811EDFB000E4321 /* Views */,
			);
			path = "Enter Phone UI";
			sourceTree = "<group>";
		};
		2D9E0CA92811EDF6000E4321 /* Controllers */ = {
			isa = PBXGroup;
			children = (
				2D9E0CAB2811EE09000E4321 /* EnterPhoneViewController.swift */,
			);
			path = Controllers;
			sourceTree = "<group>";
		};
		2D9E0CAA2811EDFB000E4321 /* Views */ = {
			isa = PBXGroup;
			children = (
				2D9E0CAD2811EE11000E4321 /* EnterPhoneView.swift */,
			);
			path = Views;
			sourceTree = "<group>";
		};
		2D9E0CC62811F83C000E4321 /* Landing */ = {
			isa = PBXGroup;
			children = (
				2D9E0C9C2811E798000E4321 /* Landing Presentation */,
			);
			path = Landing;
			sourceTree = "<group>";
		};
		2D9E0CC72811F844000E4321 /* Enter Phone */ = {
			isa = PBXGroup;
			children = (
				2D9E0CDC281209DC000E4321 /* Enter Phone Feature */,
				2D9E0CE128120BB0000E4321 /* Enter Phone API */,
				2D9E0CC82811F84D000E4321 /* Enter Phone Presentation */,
			);
			path = "Enter Phone";
			sourceTree = "<group>";
		};
		2D9E0CC82811F84D000E4321 /* Enter Phone Presentation */ = {
			isa = PBXGroup;
			children = (
				2D9E0CC92811F866000E4321 /* EnterPhoneViewModel.swift */,
				2D9E0CD12811F975000E4321 /* Localized+EnterPhone.swift */,
				2D9E0CCF2811F8A4000E4321 /* EnterPhone.strings */,
			);
			path = "Enter Phone Presentation";
			sourceTree = "<group>";
		};
		2D9E0CD92812046D000E4321 /* Helpers */ = {
			isa = PBXGroup;
			children = (
				2D9E0CDA2812047B000E4321 /* ValidationHandler.swift */,
				2D9E0D2028123132000E4321 /* DeviceHelper.swift */,
			);
			path = Helpers;
			sourceTree = "<group>";
		};
		2D9E0CDC281209DC000E4321 /* Enter Phone Feature */ = {
			isa = PBXGroup;
			children = (
				2D9E0CDD28120AC8000E4321 /* AuthCodeCreator.swift */,
				2D9E0CDF28120B3A000E4321 /* CreateCode.swift */,
			);
			path = "Enter Phone Feature";
			sourceTree = "<group>";
		};
		2D9E0CE128120BB0000E4321 /* Enter Phone API */ = {
			isa = PBXGroup;
			children = (
				2D9E0CE228120BC8000E4321 /* CreateCodeDTO.swift */,
				2D9E0CE428120C46000E4321 /* RemoteAuthCodeCreator.swift */,
			);
			path = "Enter Phone API";
			sourceTree = "<group>";
		};
		2D9E0CE928121509000E4321 /* Alert UI */ = {
			isa = PBXGroup;
			children = (
				2D9E0CEA281216EA000E4321 /* Controllers */,
				2D9E0CEB281216EF000E4321 /* Views */,
			);
			path = "Alert UI";
			sourceTree = "<group>";
		};
		2D9E0CEA281216EA000E4321 /* Controllers */ = {
			isa = PBXGroup;
			children = (
				2D9E0CEE28121707000E4321 /* AlertViewController.swift */,
			);
			path = Controllers;
			sourceTree = "<group>";
		};
		2D9E0CEB281216EF000E4321 /* Views */ = {
			isa = PBXGroup;
			children = (
				2D9E0CEC281216FE000E4321 /* AlertView.swift */,
			);
			path = Views;
			sourceTree = "<group>";
		};
		2D9E0CFC28122640000E4321 /* Error */ = {
			isa = PBXGroup;
			children = (
				2D9E0CFD2812264B000E4321 /* Localized+Error.swift */,
				2D9E0D0328122658000E4321 /* Error.strings */,
			);
			path = Error;
			sourceTree = "<group>";
		};
		2D9E0D0528122718000E4321 /* Validate Code UI */ = {
			isa = PBXGroup;
			children = (
				2D9E0D0628122723000E4321 /* Controllers */,
				2D9E0D0728122727000E4321 /* Views */,
			);
			path = "Validate Code UI";
			sourceTree = "<group>";
		};
		2D9E0D0628122723000E4321 /* Controllers */ = {
			isa = PBXGroup;
			children = (
				2D9E0D0A2812273F000E4321 /* ValidatePhoneViewController.swift */,
			);
			path = Controllers;
			sourceTree = "<group>";
		};
		2D9E0D0728122727000E4321 /* Views */ = {
			isa = PBXGroup;
			children = (
				2D9E0D0828122734000E4321 /* ValidateCodeView.swift */,
			);
			path = Views;
			sourceTree = "<group>";
		};
		2D9E0D1228122A7E000E4321 /* Validate Code */ = {
			isa = PBXGroup;
			children = (
				2D9E0D2328123293000E4321 /* Validate Code Feature */,
				2D9E0D282812338C000E4321 /* Validate Code API */,
				2D9E0D2228123281000E4321 /* Validate Code Presentation */,
			);
			path = "Validate Code";
			sourceTree = "<group>";
		};
		2D9E0D2228123281000E4321 /* Validate Code Presentation */ = {
			isa = PBXGroup;
			children = (
				2D9E0D1328122A9A000E4321 /* ValidateCodeViewModel.swift */,
				2D9E0D1528122AA6000E4321 /* Localized+ValidatePhone.swift */,
				2D9E0D1B28122AB3000E4321 /* ValidateCode.strings */,
			);
			path = "Validate Code Presentation";
			sourceTree = "<group>";
		};
		2D9E0D2328123293000E4321 /* Validate Code Feature */ = {
			isa = PBXGroup;
			children = (
				2D9E0D24281232DB000E4321 /* AuthCodeValidator.swift */,
				2D9E0D26281232FF000E4321 /* ValidateCode.swift */,
			);
			path = "Validate Code Feature";
			sourceTree = "<group>";
		};
		2D9E0D282812338C000E4321 /* Validate Code API */ = {
			isa = PBXGroup;
			children = (
				2D9E0D29281233A7000E4321 /* ValidateCodeDTO.swift */,
				2D9E0D2B2812344C000E4321 /* RemoteAuthCodeValidator.swift */,
				2D9E0D312812384D000E4321 /* ValidateCodeRequest.swift */,
			);
			path = "Validate Code API";
			sourceTree = "<group>";
		};
		2D9E0D372812C78E000E4321 /* Alert */ = {
			isa = PBXGroup;
			children = (
				2D9E0D432812C866000E4321 /* Alert Feature */,
				2D9E0D382812C797000E4321 /* Alert Presentation */,
			);
			path = Alert;
			sourceTree = "<group>";
		};
		2D9E0D382812C797000E4321 /* Alert Presentation */ = {
			isa = PBXGroup;
			children = (
				2D9E0D392812C7A3000E4321 /* AlertViewModel.swift */,
				2D9E0D412812C7E1000E4321 /* Localized+Alert.swift */,
				2D9E0D3F2812C7C6000E4321 /* Alert.strings */,
			);
			path = "Alert Presentation";
			sourceTree = "<group>";
		};
		2D9E0D432812C866000E4321 /* Alert Feature */ = {
			isa = PBXGroup;
			children = (
				2D9E0D442812C871000E4321 /* Alert.swift */,
			);
			path = "Alert Feature";
			sourceTree = "<group>";
		};
		2D9E0D572812F4F0000E4321 /* Broadcast */ = {
			isa = PBXGroup;
			children = (
				2D9E0D582812F4F9000E4321 /* Broadcast Features */,
				2D9E0D652812F697000E4321 /* Broadcast API */,
				2D9E0D6C2812F8D6000E4321 /* Broadcast Presentation */,
			);
			path = Broadcast;
			sourceTree = "<group>";
		};
		2D9E0D582812F4F9000E4321 /* Broadcast Features */ = {
			isa = PBXGroup;
			children = (
				2D9E0D592812F508000E4321 /* EventProductLoader.swift */,
				2D9E0D8A28133125000E4321 /* ViewerListener.swift */,
			);
			path = "Broadcast Features";
			sourceTree = "<group>";
		};
		2D9E0D652812F697000E4321 /* Broadcast API */ = {
			isa = PBXGroup;
			children = (
				2D9E0D662812F6AD000E4321 /* RemoteEventProductLoader.swift */,
				2D9E0D8828132FE7000E4321 /* RemoteViewerLoader.swift */,
				2D9E0D92281348E5000E4321 /* VirtualViewerDTO.swift */,
			);
			path = "Broadcast API";
			sourceTree = "<group>";
		};
		2D9E0D6C2812F8D6000E4321 /* Broadcast Presentation */ = {
			isa = PBXGroup;
			children = (
				2D9E0D73281301B4000E4321 /* EventProductViewModel.swift */,
				2D9E0D7A28131699000E4321 /* ProductViewModel.swift */,
				2D9E0D8C28133EED000E4321 /* ViewerViewModel.swift */,
			);
			path = "Broadcast Presentation";
			sourceTree = "<group>";
		};
		2D9E0D6F2813016F000E4321 /* Cell */ = {
			isa = PBXGroup;
			children = (
				2D9E0D712813017E000E4321 /* ProductCell.swift */,
			);
			path = Cell;
			sourceTree = "<group>";
		};
		2D9E0D7028130173000E4321 /* View */ = {
			isa = PBXGroup;
			children = (
				2DCAB55D280B6B0F00308095 /* BroadcastView.swift */,
			);
			path = View;
			sourceTree = "<group>";
		};
		2D9E0D772813163B000E4321 /* Cell Controllers */ = {
			isa = PBXGroup;
			children = (
				2D9E0D7828131649000E4321 /* ProductCellController.swift */,
			);
			path = "Cell Controllers";
			sourceTree = "<group>";
		};
		2D9E0D8528132E5F000E4321 /* Sockets */ = {
			isa = PBXGroup;
			children = (
				2D9E0D8628132EBF000E4321 /* WebSocketConnector.swift */,
			);
			path = Sockets;
			sourceTree = "<group>";
		};
		2DBFF5F128118F96006F7E40 /* Auth UI */ = {
			isa = PBXGroup;
			children = (
				2DBFF5F3281192C5006F7E40 /* Landing UI */,
				2D9E0CA82811EA2A000E4321 /* Enter Phone UI */,
				2D9E0D0528122718000E4321 /* Validate Code UI */,
				2D9E0C842811CDC0000E4321 /* Auth.xcassets */,
			);
			path = "Auth UI";
			sourceTree = "<group>";
		};
		2DBFF5F228118FA7006F7E40 /* Auth */ = {
			isa = PBXGroup;
			children = (
				2D9E0CE728121111000E4321 /* AuthEndpoints.swift */,
				2D9E0CC62811F83C000E4321 /* Landing */,
				2D9E0CC72811F844000E4321 /* Enter Phone */,
				2D9E0D1228122A7E000E4321 /* Validate Code */,
			);
			path = Auth;
			sourceTree = "<group>";
		};
		2DBFF5F3281192C5006F7E40 /* Landing UI */ = {
			isa = PBXGroup;
			children = (
				2DBFF5F4281192EC006F7E40 /* Controllers */,
				2DBFF5F5281192F2006F7E40 /* Views */,
			);
			path = "Landing UI";
			sourceTree = "<group>";
		};
		2DBFF5F4281192EC006F7E40 /* Controllers */ = {
			isa = PBXGroup;
			children = (
				2DBFF5F628119306006F7E40 /* LandingViewController.swift */,
			);
			path = Controllers;
			sourceTree = "<group>";
		};
		2DBFF5F5281192F2006F7E40 /* Views */ = {
			isa = PBXGroup;
			children = (
				2DBFF5F82811930F006F7E40 /* LandingView.swift */,
			);
			path = Views;
			sourceTree = "<group>";
		};
		2DCAB448280AB5DF00308095 = {
			isa = PBXGroup;
			children = (
				2DCAB454280AB5DF00308095 /* ClickmeliveHostCore */,
				2DCAB45E280AB5DF00308095 /* ClickmeliveHostCoreTests */,
				2DCAB486280ABBB600308095 /* ClickmeliveHostCoreIOS */,
				2DCAB490280ABBB600308095 /* ClickmeliveHostCoreIOSTests */,
				2DCAB453280AB5DF00308095 /* Products */,
				2DCAB4E1280ADF2900308095 /* Frameworks */,
			);
			sourceTree = "<group>";
		};
		2DCAB453280AB5DF00308095 /* Products */ = {
			isa = PBXGroup;
			children = (
				2DCAB452280AB5DF00308095 /* ClickmeliveHostCore.framework */,
				2DCAB45A280AB5DF00308095 /* ClickmeliveHostCoreTests.xctest */,
				2DCAB485280ABBB600308095 /* ClickmeliveHostCoreIOS.framework */,
				2DCAB48C280ABBB600308095 /* ClickmeliveHostCoreIOSTests.xctest */,
			);
			name = Products;
			sourceTree = "<group>";
		};
		2DCAB454280AB5DF00308095 /* ClickmeliveHostCore */ = {
			isa = PBXGroup;
			children = (
				2DCAB4D8280ADC0A00308095 /* Shared Models */,
				2DCAB4CF280AD9B100308095 /* Shared Features */,
				2DCAB46F280ABA6F00308095 /* Shared API */,
				2DCAB470280ABA7900308095 /* Shared API Infra */,
				2DD398D82810B95500A575DA /* Shared Presentation */,
				2D9E0D8528132E5F000E4321 /* Sockets */,
				2D9E0D372812C78E000E4321 /* Alert */,
				2DBFF5F228118FA7006F7E40 /* Auth */,
				2DCAB4C6280AD85A00308095 /* List Events */,
				2D9E0D572812F4F0000E4321 /* Broadcast */,
				2D9E0CD92812046D000E4321 /* Helpers */,
				2DCAB4EF280AE65100308095 /* Extensions */,
			);
			path = ClickmeliveHostCore;
			sourceTree = "<group>";
		};
		2DCAB45E280AB5DF00308095 /* ClickmeliveHostCoreTests */ = {
			isa = PBXGroup;
			children = (
			);
			path = ClickmeliveHostCoreTests;
			sourceTree = "<group>";
		};
		2DCAB46F280ABA6F00308095 /* Shared API */ = {
			isa = PBXGroup;
			children = (
				2DCAB471280ABAA500308095 /* HTTPClient.swift */,
				2DCAB473280ABAB500308095 /* Helpers */,
			);
			path = "Shared API";
			sourceTree = "<group>";
		};
		2DCAB470280ABA7900308095 /* Shared API Infra */ = {
			isa = PBXGroup;
			children = (
				2DCAB476280ABAEC00308095 /* URLSessionHTTPClient.swift */,
				2DCAB478280ABAFF00308095 /* URLRequestBuilder.swift */,
				2DCAB47E280ABB6000308095 /* AuthenticatedURLRequestBuilderDecorator.swift */,
			);
			path = "Shared API Infra";
			sourceTree = "<group>";
		};
		2DCAB473280ABAB500308095 /* Helpers */ = {
			isa = PBXGroup;
			children = (
				2DCAB474280ABACF00308095 /* HTTPURLResponse+StatusCode.swift */,
			);
			path = Helpers;
			sourceTree = "<group>";
		};
		2DCAB486280ABBB600308095 /* ClickmeliveHostCoreIOS */ = {
			isa = PBXGroup;
			children = (
				2DCAB49D280ABD7700308095 /* Info.plist */,
				2DCAB49E280ABD8900308095 /* Utility */,
				2DCAB4A3280ABDB300308095 /* Extensions */,
				2DCAB4AC280ABE9E00308095 /* Shared Helpers */,
				2DCAB4AF280ABEBF00308095 /* Shared UI */,
				2D9E0CE928121509000E4321 /* Alert UI */,
				2DBFF5F128118F96006F7E40 /* Auth UI */,
				2DCAB4B5280ABFDF00308095 /* List Events UI */,
				2DCAB558280B6A2500308095 /* Broadcast UI */,
			);
			path = ClickmeliveHostCoreIOS;
			sourceTree = "<group>";
		};
		2DCAB490280ABBB600308095 /* ClickmeliveHostCoreIOSTests */ = {
			isa = PBXGroup;
			children = (
			);
			path = ClickmeliveHostCoreIOSTests;
			sourceTree = "<group>";
		};
		2DCAB49E280ABD8900308095 /* Utility */ = {
			isa = PBXGroup;
			children = (
				2DCAB49F280ABD9800308095 /* Fonts.swift */,
				2DCAB4A1280ABDA700308095 /* Colors.swift */,
			);
			path = Utility;
			sourceTree = "<group>";
		};
		2DCAB4A3280ABDB300308095 /* Extensions */ = {
			isa = PBXGroup;
			children = (
				2DCAB4A4280ABDC400308095 /* UIColor+Helpers.swift */,
				2DCAB4A6280ABDCD00308095 /* UIView+Helpers.swift */,
				2D9E0D6D2812FDAC000E4321 /* String+Helpers.swift */,
				2D9E0D802813215C000E4321 /* UILabel+Helpers.swift */,
			);
			path = Extensions;
			sourceTree = "<group>";
		};
		2DCAB4AC280ABE9E00308095 /* Shared Helpers */ = {
			isa = PBXGroup;
			children = (
				2DCAB4AD280ABEB100308095 /* UITableView+Dequeueing.swift */,
				2DD398C2280FF70E00A575DA /* UICollectionView+Dequeueing.swift */,
			);
			path = "Shared Helpers";
			sourceTree = "<group>";
		};
		2DCAB4AF280ABEBF00308095 /* Shared UI */ = {
			isa = PBXGroup;
			children = (
				2DCAB4B1280ABED800308095 /* Layoutable.swift */,
				2DCAB4B3280ABEEB00308095 /* Layouting.swift */,
				2DCAB4B0280ABECD00308095 /* Views */,
				2D9E0CF428121A2E000E4321 /* Shared.xcassets */,
			);
			path = "Shared UI";
			sourceTree = "<group>";
		};
		2DCAB4B0280ABECD00308095 /* Views */ = {
			isa = PBXGroup;
			children = (
				2D9E0CB72811F377000E4321 /* CMLTextField.swift */,
				2D9E0CB92811F44B000E4321 /* CMLButton.swift */,
				2D9E0D82281322A6000E4321 /* BadgeContainer.swift */,
			);
			path = Views;
			sourceTree = "<group>";
		};
		2DCAB4B5280ABFDF00308095 /* List Events UI */ = {
			isa = PBXGroup;
			children = (
				2DCAB4B6280AC33600308095 /* Controllers */,
				2DCAB4B7280AC33C00308095 /* Views */,
			);
			path = "List Events UI";
			sourceTree = "<group>";
		};
		2DCAB4B6280AC33600308095 /* Controllers */ = {
			isa = PBXGroup;
			children = (
				2DCAB4B8280AC34B00308095 /* ListEventsViewController.swift */,
				2DCAB4DF280ADDCF00308095 /* ListEventRefreshController.swift */,
				2DD398BF280FF63C00A575DA /* Cell Controllers */,
			);
			path = Controllers;
			sourceTree = "<group>";
		};
		2DCAB4B7280AC33C00308095 /* Views */ = {
			isa = PBXGroup;
			children = (
				2DD398BC280F7F6C00A575DA /* View */,
				2DD398BB280F7F6900A575DA /* Cell */,
				2DD398E62810C02100A575DA /* ListEvents.xcassets */,
			);
			path = Views;
			sourceTree = "<group>";
		};
		2DCAB4C4280AD83D00308095 /* List Events Feature */ = {
			isa = PBXGroup;
			children = (
				2DCAB4CA280AD94800308095 /* EventLoader.swift */,
			);
			path = "List Events Feature";
			sourceTree = "<group>";
		};
		2DCAB4C6280AD85A00308095 /* List Events */ = {
			isa = PBXGroup;
			children = (
				2DCAB4C4280AD83D00308095 /* List Events Feature */,
				2DCAB4C7280AD87400308095 /* List Events API */,
				2DCAB4DC280ADCDA00308095 /* List Events Presentation */,
			);
			path = "List Events";
			sourceTree = "<group>";
		};
		2DCAB4C7280AD87400308095 /* List Events API */ = {
			isa = PBXGroup;
			children = (
				2DCAB4D6280ADB0500308095 /* RemoteEventLoader.swift */,
				2DCAB4C8280AD89200308095 /* EventEndpoints.swift */,
			);
			path = "List Events API";
			sourceTree = "<group>";
		};
		2DCAB4CC280AD98500308095 /* DTOs */ = {
			isa = PBXGroup;
			children = (
				2DCAB4DA280ADC3700308095 /* EventResponseDTO.swift */,
				2D9E0D682812F800000E4321 /* ProductResponseDTO.swift */,
				2DCAB4CD280AD99600308095 /* EventDTO.swift */,
				2DCAB4D4280ADA4D00308095 /* UserDTO.swift */,
				2D9E0D632812F63E000E4321 /* ProductDTO.swift */,
				2D9E0D332812B215000E4321 /* CMLErrorDTO.swift */,
			);
			path = DTOs;
			sourceTree = "<group>";
		};
		2DCAB4CF280AD9B100308095 /* Shared Features */ = {
			isa = PBXGroup;
			children = (
				2DCAB4D0280AD9BF00308095 /* Event.swift */,
				2DCAB4D2280ADA2500308095 /* User.swift */,
				2D9E0D5F2812F5A9000E4321 /* Product.swift */,
				2DD398F82810CA5400A575DA /* Metadata.swift */,
				2DD398FA2810CA9900A575DA /* EventResponse.swift */,
				2D9E0D6A2812F82A000E4321 /* ProductResponse.swift */,
				2D9E0D352812B5E0000E4321 /* CMLError.swift */,
			);
			path = "Shared Features";
			sourceTree = "<group>";
		};
		2DCAB4D8280ADC0A00308095 /* Shared Models */ = {
			isa = PBXGroup;
			children = (
				2DCAB4CC280AD98500308095 /* DTOs */,
				2DD398F62810C80400A575DA /* Paginated.swift */,
			);
			path = "Shared Models";
			sourceTree = "<group>";
		};
		2DCAB4DC280ADCDA00308095 /* List Events Presentation */ = {
			isa = PBXGroup;
			children = (
				2DCAB4DD280ADD0000308095 /* ListEventsViewModel.swift */,
				2DCAB556280B679F00308095 /* EventViewModel.swift */,
				2DD398B9280F264000A575DA /* EventCategoryCellViewModel.swift */,
			);
			path = "List Events Presentation";
			sourceTree = "<group>";
		};
		2DCAB4E1280ADF2900308095 /* Frameworks */ = {
			isa = PBXGroup;
			children = (
				2DD39885280C128000A575DA /* AmazonIVSBroadcast.xcframework */,
			);
			name = Frameworks;
			sourceTree = "<group>";
		};
		2DCAB4EF280AE65100308095 /* Extensions */ = {
			isa = PBXGroup;
			children = (
				2DCAB4F0280AE66400308095 /* DateFormatter+Extensions.swift */,
				2D9E0CD7281202B9000E4321 /* String+Extensions.swift */,
				2D9E0D612812F5D9000E4321 /* Double+Extensions.swift */,
			);
			path = Extensions;
			sourceTree = "<group>";
		};
		2DCAB558280B6A2500308095 /* Broadcast UI */ = {
			isa = PBXGroup;
			children = (
				2DCAB559280B6AEA00308095 /* Controllers */,
				2DCAB55A280B6AEF00308095 /* Views */,
				2DD398FC2810D1AF00A575DA /* Broadcast.xcassets */,
			);
			path = "Broadcast UI";
			sourceTree = "<group>";
		};
		2DCAB559280B6AEA00308095 /* Controllers */ = {
			isa = PBXGroup;
			children = (
				2D9E0D772813163B000E4321 /* Cell Controllers */,
				2DCAB55B280B6B0600308095 /* BroadcastViewController.swift */,
				2D9E0D752813025F000E4321 /* BroadcastEventProductsController.swift */,
			);
			path = Controllers;
			sourceTree = "<group>";
		};
		2DCAB55A280B6AEF00308095 /* Views */ = {
			isa = PBXGroup;
			children = (
				2D9E0D7028130173000E4321 /* View */,
				2D9E0D6F2813016F000E4321 /* Cell */,
			);
			path = Views;
			sourceTree = "<group>";
		};
		2DD398BB280F7F6900A575DA /* Cell */ = {
			isa = PBXGroup;
			children = (
				2DCAB4C0280AC8EA00308095 /* EventCell.swift */,
				2DD398BD280F7F7A00A575DA /* EventCategoryCell.swift */,
			);
			path = Cell;
			sourceTree = "<group>";
		};
		2DD398BC280F7F6C00A575DA /* View */ = {
			isa = PBXGroup;
			children = (
				2DCAB4BA280AC55800308095 /* ListEventsView.swift */,
			);
			path = View;
			sourceTree = "<group>";
		};
		2DD398BF280FF63C00A575DA /* Cell Controllers */ = {
			isa = PBXGroup;
			children = (
				2DCAB4C2280AD6D000308095 /* ListEventCellController.swift */,
				2DD398C0280FF65200A575DA /* EventCategoryCellController.swift */,
			);
			path = "Cell Controllers";
			sourceTree = "<group>";
		};
		2DD398D82810B95500A575DA /* Shared Presentation */ = {
			isa = PBXGroup;
			children = (
				2D9E0CFC28122640000E4321 /* Error */,
				2DD398D92810B96800A575DA /* Date */,
				2DD398E42810B9EF00A575DA /* Localized.swift */,
			);
			path = "Shared Presentation";
			sourceTree = "<group>";
		};
		2DD398D92810B96800A575DA /* Date */ = {
			isa = PBXGroup;
			children = (
				2DD398DA2810B97A00A575DA /* Date+Helpers.swift */,
				2DD398DC2810B98E00A575DA /* Localized+Date.swift */,
				2DD398E22810B9A400A575DA /* Date.strings */,
			);
			path = Date;
			sourceTree = "<group>";
		};
/* End PBXGroup section */

/* Begin PBXHeadersBuildPhase section */
		2DCAB44D280AB5DF00308095 /* Headers */ = {
			isa = PBXHeadersBuildPhase;
			buildActionMask = 2147483647;
			files = (
			);
			runOnlyForDeploymentPostprocessing = 0;
		};
		2DCAB480280ABBB600308095 /* Headers */ = {
			isa = PBXHeadersBuildPhase;
			buildActionMask = 2147483647;
			files = (
			);
			runOnlyForDeploymentPostprocessing = 0;
		};
/* End PBXHeadersBuildPhase section */

/* Begin PBXNativeTarget section */
		2DCAB451280AB5DF00308095 /* ClickmeliveHostCore */ = {
			isa = PBXNativeTarget;
			buildConfigurationList = 2DCAB464280AB5DF00308095 /* Build configuration list for PBXNativeTarget "ClickmeliveHostCore" */;
			buildPhases = (
				2DCAB44D280AB5DF00308095 /* Headers */,
				2DCAB44E280AB5DF00308095 /* Sources */,
				2DCAB44F280AB5DF00308095 /* Frameworks */,
				2DCAB450280AB5DF00308095 /* Resources */,
			);
			buildRules = (
			);
			dependencies = (
			);
			name = ClickmeliveHostCore;
			packageProductDependencies = (
				2DD398D62810B80F00A575DA /* SDWebImage */,
				2D9E0CBF2811F581000E4321 /* IQKeyboardManagerSwift */,
			);
			productName = ClickmeliveHostCore;
			productReference = 2DCAB452280AB5DF00308095 /* ClickmeliveHostCore.framework */;
			productType = "com.apple.product-type.framework";
		};
		2DCAB459280AB5DF00308095 /* ClickmeliveHostCoreTests */ = {
			isa = PBXNativeTarget;
			buildConfigurationList = 2DCAB467280AB5DF00308095 /* Build configuration list for PBXNativeTarget "ClickmeliveHostCoreTests" */;
			buildPhases = (
				2DCAB456280AB5DF00308095 /* Sources */,
				2DCAB457280AB5DF00308095 /* Frameworks */,
				2DCAB458280AB5DF00308095 /* Resources */,
			);
			buildRules = (
			);
			dependencies = (
				2DCAB45D280AB5DF00308095 /* PBXTargetDependency */,
			);
			name = ClickmeliveHostCoreTests;
			productName = ClickmeliveHostCoreTests;
			productReference = 2DCAB45A280AB5DF00308095 /* ClickmeliveHostCoreTests.xctest */;
			productType = "com.apple.product-type.bundle.unit-test";
		};
		2DCAB484280ABBB600308095 /* ClickmeliveHostCoreIOS */ = {
			isa = PBXNativeTarget;
			buildConfigurationList = 2DCAB494280ABBB600308095 /* Build configuration list for PBXNativeTarget "ClickmeliveHostCoreIOS" */;
			buildPhases = (
				2DCAB480280ABBB600308095 /* Headers */,
				2DCAB481280ABBB600308095 /* Sources */,
				2DCAB482280ABBB600308095 /* Frameworks */,
				2DCAB483280ABBB600308095 /* Resources */,
				2DCAB4E6280ADF2900308095 /* Embed Frameworks */,
			);
			buildRules = (
			);
			dependencies = (
				2DCAB4E5280ADF2900308095 /* PBXTargetDependency */,
			);
			name = ClickmeliveHostCoreIOS;
			productName = ClickmeliveHostCoreIOS;
			productReference = 2DCAB485280ABBB600308095 /* ClickmeliveHostCoreIOS.framework */;
			productType = "com.apple.product-type.framework";
		};
		2DCAB48B280ABBB600308095 /* ClickmeliveHostCoreIOSTests */ = {
			isa = PBXNativeTarget;
			buildConfigurationList = 2DCAB497280ABBB600308095 /* Build configuration list for PBXNativeTarget "ClickmeliveHostCoreIOSTests" */;
			buildPhases = (
				2DCAB488280ABBB600308095 /* Sources */,
				2DCAB489280ABBB600308095 /* Frameworks */,
				2DCAB48A280ABBB600308095 /* Resources */,
			);
			buildRules = (
			);
			dependencies = (
				2DCAB48F280ABBB600308095 /* PBXTargetDependency */,
			);
			name = ClickmeliveHostCoreIOSTests;
			productName = ClickmeliveHostCoreIOSTests;
			productReference = 2DCAB48C280ABBB600308095 /* ClickmeliveHostCoreIOSTests.xctest */;
			productType = "com.apple.product-type.bundle.unit-test";
		};
/* End PBXNativeTarget section */

/* Begin PBXProject section */
		2DCAB449280AB5DF00308095 /* Project object */ = {
			isa = PBXProject;
			attributes = {
				BuildIndependentTargetsInParallel = 1;
				LastSwiftUpdateCheck = 1310;
				LastUpgradeCheck = 1310;
				TargetAttributes = {
					2DCAB451280AB5DF00308095 = {
						CreatedOnToolsVersion = 13.1;
						LastSwiftMigration = 1310;
					};
					2DCAB459280AB5DF00308095 = {
						CreatedOnToolsVersion = 13.1;
					};
					2DCAB484280ABBB600308095 = {
						CreatedOnToolsVersion = 13.1;
						LastSwiftMigration = 1310;
					};
					2DCAB48B280ABBB600308095 = {
						CreatedOnToolsVersion = 13.1;
					};
				};
			};
			buildConfigurationList = 2DCAB44C280AB5DF00308095 /* Build configuration list for PBXProject "ClickmeliveHostCore" */;
			compatibilityVersion = "Xcode 13.0";
			developmentRegion = en;
			hasScannedForEncodings = 0;
			knownRegions = (
				en,
				Base,
				tr,
			);
			mainGroup = 2DCAB448280AB5DF00308095;
			packageReferences = (
				2DD398D52810B80F00A575DA /* XCRemoteSwiftPackageReference "SDWebImage" */,
				2D9E0CBE2811F581000E4321 /* XCRemoteSwiftPackageReference "IQKeyboardManager" */,
			);
			productRefGroup = 2DCAB453280AB5DF00308095 /* Products */;
			projectDirPath = "";
			projectRoot = "";
			targets = (
				2DCAB451280AB5DF00308095 /* ClickmeliveHostCore */,
				2DCAB459280AB5DF00308095 /* ClickmeliveHostCoreTests */,
				2DCAB484280ABBB600308095 /* ClickmeliveHostCoreIOS */,
				2DCAB48B280ABBB600308095 /* ClickmeliveHostCoreIOSTests */,
			);
		};
/* End PBXProject section */

/* Begin PBXResourcesBuildPhase section */
		2DCAB450280AB5DF00308095 /* Resources */ = {
			isa = PBXResourcesBuildPhase;
			buildActionMask = 2147483647;
			files = (
				2D9E0CA12811E7C9000E4321 /* Landing.strings in Resources */,
				2D9E0CCD2811F8A4000E4321 /* EnterPhone.strings in Resources */,
				2DD398E02810B9A400A575DA /* Date.strings in Resources */,
				2D9E0D3D2812C7C6000E4321 /* Alert.strings in Resources */,
				2D9E0D1928122AB3000E4321 /* ValidateCode.strings in Resources */,
				2D9E0D0128122658000E4321 /* Error.strings in Resources */,
			);
			runOnlyForDeploymentPostprocessing = 0;
		};
		2DCAB458280AB5DF00308095 /* Resources */ = {
			isa = PBXResourcesBuildPhase;
			buildActionMask = 2147483647;
			files = (
			);
			runOnlyForDeploymentPostprocessing = 0;
		};
		2DCAB483280ABBB600308095 /* Resources */ = {
			isa = PBXResourcesBuildPhase;
			buildActionMask = 2147483647;
			files = (
				2D9E0C852811CDC0000E4321 /* Auth.xcassets in Resources */,
				2DD398E72810C02100A575DA /* ListEvents.xcassets in Resources */,
				2D9E0CF528121A2E000E4321 /* Shared.xcassets in Resources */,
				2DD398FD2810D1AF00A575DA /* Broadcast.xcassets in Resources */,
			);
			runOnlyForDeploymentPostprocessing = 0;
		};
		2DCAB48A280ABBB600308095 /* Resources */ = {
			isa = PBXResourcesBuildPhase;
			buildActionMask = 2147483647;
			files = (
			);
			runOnlyForDeploymentPostprocessing = 0;
		};
/* End PBXResourcesBuildPhase section */

/* Begin PBXSourcesBuildPhase section */
		2DCAB44E280AB5DF00308095 /* Sources */ = {
			isa = PBXSourcesBuildPhase;
			buildActionMask = 2147483647;
			files = (
				2D9E0D622812F5D9000E4321 /* Double+Extensions.swift in Sources */,
				2D9E0D8D28133EED000E4321 /* ViewerViewModel.swift in Sources */,
				2D9E0D6B2812F82A000E4321 /* ProductResponse.swift in Sources */,
				2DCAB4DB280ADC3700308095 /* EventResponseDTO.swift in Sources */,
				2DD398DB2810B97A00A575DA /* Date+Helpers.swift in Sources */,
				2D9E0D27281232FF000E4321 /* ValidateCode.swift in Sources */,
				2D9E0D7B28131699000E4321 /* ProductViewModel.swift in Sources */,
				2DCAB557280B679F00308095 /* EventViewModel.swift in Sources */,
				2D9E0D8728132EBF000E4321 /* WebSocketConnector.swift in Sources */,
				2D9E0CE028120B3A000E4321 /* CreateCode.swift in Sources */,
				2D9E0CE828121111000E4321 /* AuthEndpoints.swift in Sources */,
				2D9E0CFE2812264B000E4321 /* Localized+Error.swift in Sources */,
				2D9E0D3A2812C7A3000E4321 /* AlertViewModel.swift in Sources */,
				2D9E0D342812B215000E4321 /* CMLErrorDTO.swift in Sources */,
				2D9E0CE328120BC8000E4321 /* CreateCodeDTO.swift in Sources */,
				2D9E0D93281348E5000E4321 /* VirtualViewerDTO.swift in Sources */,
				2DCAB4DE280ADD0000308095 /* ListEventsViewModel.swift in Sources */,
				2D9E0D692812F800000E4321 /* ProductResponseDTO.swift in Sources */,
				2DCAB47F280ABB6000308095 /* AuthenticatedURLRequestBuilderDecorator.swift in Sources */,
				2D9E0CDE28120AC8000E4321 /* AuthCodeCreator.swift in Sources */,
				2D9E0D322812384D000E4321 /* ValidateCodeRequest.swift in Sources */,
				2DD398E52810B9EF00A575DA /* Localized.swift in Sources */,
				2D9E0D1628122AA6000E4321 /* Localized+ValidatePhone.swift in Sources */,
				2D9E0D1428122A9A000E4321 /* ValidateCodeViewModel.swift in Sources */,
				2DCAB4D7280ADB0500308095 /* RemoteEventLoader.swift in Sources */,
				2DCAB4D1280AD9BF00308095 /* Event.swift in Sources */,
				2D9E0CDB2812047B000E4321 /* ValidationHandler.swift in Sources */,
				2D9E0CD8281202B9000E4321 /* String+Extensions.swift in Sources */,
				2DCAB4C9280AD89200308095 /* EventEndpoints.swift in Sources */,
				2D9E0D422812C7E1000E4321 /* Localized+Alert.swift in Sources */,
				2D9E0C9E2811E7B8000E4321 /* Localized+Landing.swift in Sources */,
				2DCAB475280ABACF00308095 /* HTTPURLResponse+StatusCode.swift in Sources */,
				2D9E0D602812F5A9000E4321 /* Product.swift in Sources */,
				2D9E0CA72811E82B000E4321 /* LandingViewModel.swift in Sources */,
				2D9E0CCA2811F866000E4321 /* EnterPhoneViewModel.swift in Sources */,
				2DCAB4D5280ADA4D00308095 /* UserDTO.swift in Sources */,
				2DCAB479280ABAFF00308095 /* URLRequestBuilder.swift in Sources */,
				2D9E0CE528120C46000E4321 /* RemoteAuthCodeCreator.swift in Sources */,
				2D9E0D452812C871000E4321 /* Alert.swift in Sources */,
				2DCAB4CE280AD99600308095 /* EventDTO.swift in Sources */,
				2DD398BA280F264000A575DA /* EventCategoryCellViewModel.swift in Sources */,
				2D9E0D2128123132000E4321 /* DeviceHelper.swift in Sources */,
				2DCAB4D3280ADA2500308095 /* User.swift in Sources */,
				2D9E0D642812F63E000E4321 /* ProductDTO.swift in Sources */,
				2DCAB4CB280AD94800308095 /* EventLoader.swift in Sources */,
				2D9E0D8B28133125000E4321 /* ViewerListener.swift in Sources */,
				2D9E0D2C2812344C000E4321 /* RemoteAuthCodeValidator.swift in Sources */,
				2D9E0D362812B5E0000E4321 /* CMLError.swift in Sources */,
				2D9E0D5A2812F508000E4321 /* EventProductLoader.swift in Sources */,
				2DCAB472280ABAA500308095 /* HTTPClient.swift in Sources */,
				2D9E0D74281301B4000E4321 /* EventProductViewModel.swift in Sources */,
				2DD398F72810C80400A575DA /* Paginated.swift in Sources */,
				2DD398F92810CA5400A575DA /* Metadata.swift in Sources */,
				2D9E0D2A281233A7000E4321 /* ValidateCodeDTO.swift in Sources */,
				2DD398FB2810CA9900A575DA /* EventResponse.swift in Sources */,
				2DD398DD2810B98E00A575DA /* Localized+Date.swift in Sources */,
				2DCAB477280ABAEC00308095 /* URLSessionHTTPClient.swift in Sources */,
				2D9E0CD22811F975000E4321 /* Localized+EnterPhone.swift in Sources */,
				2D9E0D8928132FE7000E4321 /* RemoteViewerLoader.swift in Sources */,
				2DCAB4F1280AE66400308095 /* DateFormatter+Extensions.swift in Sources */,
				2D9E0D25281232DB000E4321 /* AuthCodeValidator.swift in Sources */,
				2D9E0D672812F6AD000E4321 /* RemoteEventProductLoader.swift in Sources */,
			);
			runOnlyForDeploymentPostprocessing = 0;
		};
		2DCAB456280AB5DF00308095 /* Sources */ = {
			isa = PBXSourcesBuildPhase;
			buildActionMask = 2147483647;
			files = (
			);
			runOnlyForDeploymentPostprocessing = 0;
		};
		2DCAB481280ABBB600308095 /* Sources */ = {
			isa = PBXSourcesBuildPhase;
			buildActionMask = 2147483647;
			files = (
				2DD398C1280FF65200A575DA /* EventCategoryCellController.swift in Sources */,
				2DCAB4E0280ADDCF00308095 /* ListEventRefreshController.swift in Sources */,
				2D9E0D0B2812273F000E4321 /* ValidatePhoneViewController.swift in Sources */,
				2DCAB4A0280ABD9800308095 /* Fonts.swift in Sources */,
				2DCAB4B9280AC34B00308095 /* ListEventsViewController.swift in Sources */,
				2DCAB4C3280AD6D000308095 /* ListEventCellController.swift in Sources */,
				2D9E0D0928122734000E4321 /* ValidateCodeView.swift in Sources */,
				2D9E0CED281216FE000E4321 /* AlertView.swift in Sources */,
				2DBFF5F92811930F006F7E40 /* LandingView.swift in Sources */,
				2D9E0D7928131649000E4321 /* ProductCellController.swift in Sources */,
				2DCAB55E280B6B0F00308095 /* BroadcastView.swift in Sources */,
				2DCAB55C280B6B0600308095 /* BroadcastViewController.swift in Sources */,
				2D9E0D812813215C000E4321 /* UILabel+Helpers.swift in Sources */,
				2D9E0D83281322A6000E4321 /* BadgeContainer.swift in Sources */,
				2D9E0CB82811F377000E4321 /* CMLTextField.swift in Sources */,
				2DCAB4C1280AC8EA00308095 /* EventCell.swift in Sources */,
				2DD398C3280FF70E00A575DA /* UICollectionView+Dequeueing.swift in Sources */,
				2DCAB4A5280ABDC400308095 /* UIColor+Helpers.swift in Sources */,
				2DCAB4A7280ABDCD00308095 /* UIView+Helpers.swift in Sources */,
				2DCAB4BB280AC55800308095 /* ListEventsView.swift in Sources */,
				2D9E0D722813017E000E4321 /* ProductCell.swift in Sources */,
				2DCAB4B2280ABED800308095 /* Layoutable.swift in Sources */,
				2DCAB4AE280ABEB100308095 /* UITableView+Dequeueing.swift in Sources */,
				2DCAB4A2280ABDA700308095 /* Colors.swift in Sources */,
				2D9E0D6E2812FDAC000E4321 /* String+Helpers.swift in Sources */,
				2D9E0CBA2811F44B000E4321 /* CMLButton.swift in Sources */,
				2D9E0CAE2811EE11000E4321 /* EnterPhoneView.swift in Sources */,
				2D9E0D762813025F000E4321 /* BroadcastEventProductsController.swift in Sources */,
				2D9E0CAC2811EE09000E4321 /* EnterPhoneViewController.swift in Sources */,
				2DCAB4B4280ABEEB00308095 /* Layouting.swift in Sources */,
				2DBFF5F728119306006F7E40 /* LandingViewController.swift in Sources */,
				2D9E0CEF28121707000E4321 /* AlertViewController.swift in Sources */,
				2DD398BE280F7F7A00A575DA /* EventCategoryCell.swift in Sources */,
			);
			runOnlyForDeploymentPostprocessing = 0;
		};
		2DCAB488280ABBB600308095 /* Sources */ = {
			isa = PBXSourcesBuildPhase;
			buildActionMask = 2147483647;
			files = (
			);
			runOnlyForDeploymentPostprocessing = 0;
		};
/* End PBXSourcesBuildPhase section */

/* Begin PBXTargetDependency section */
		2DCAB45D280AB5DF00308095 /* PBXTargetDependency */ = {
			isa = PBXTargetDependency;
			target = 2DCAB451280AB5DF00308095 /* ClickmeliveHostCore */;
			targetProxy = 2DCAB45C280AB5DF00308095 /* PBXContainerItemProxy */;
		};
		2DCAB48F280ABBB600308095 /* PBXTargetDependency */ = {
			isa = PBXTargetDependency;
			target = 2DCAB484280ABBB600308095 /* ClickmeliveHostCoreIOS */;
			targetProxy = 2DCAB48E280ABBB600308095 /* PBXContainerItemProxy */;
		};
		2DCAB4E5280ADF2900308095 /* PBXTargetDependency */ = {
			isa = PBXTargetDependency;
			target = 2DCAB451280AB5DF00308095 /* ClickmeliveHostCore */;
			targetProxy = 2DCAB4E4280ADF2900308095 /* PBXContainerItemProxy */;
		};
/* End PBXTargetDependency section */

/* Begin PBXVariantGroup section */
		2D9E0CA32811E7C9000E4321 /* Landing.strings */ = {
			isa = PBXVariantGroup;
			children = (
				2D9E0CA22811E7C9000E4321 /* en */,
				2D9E0CA42811E7CA000E4321 /* tr */,
			);
			name = Landing.strings;
			sourceTree = "<group>";
		};
		2D9E0CCF2811F8A4000E4321 /* EnterPhone.strings */ = {
			isa = PBXVariantGroup;
			children = (
				2D9E0CCE2811F8A4000E4321 /* en */,
				2D9E0CD02811F8A6000E4321 /* tr */,
			);
			name = EnterPhone.strings;
			sourceTree = "<group>";
		};
		2D9E0D0328122658000E4321 /* Error.strings */ = {
			isa = PBXVariantGroup;
			children = (
				2D9E0D0228122658000E4321 /* en */,
				2D9E0D0428122659000E4321 /* tr */,
			);
			name = Error.strings;
			sourceTree = "<group>";
		};
		2D9E0D1B28122AB3000E4321 /* ValidateCode.strings */ = {
			isa = PBXVariantGroup;
			children = (
				2D9E0D1A28122AB3000E4321 /* en */,
				2D9E0D1C28122AB5000E4321 /* tr */,
			);
			name = ValidateCode.strings;
			sourceTree = "<group>";
		};
		2D9E0D3F2812C7C6000E4321 /* Alert.strings */ = {
			isa = PBXVariantGroup;
			children = (
				2D9E0D3E2812C7C6000E4321 /* en */,
				2D9E0D402812C7C7000E4321 /* tr */,
			);
			name = Alert.strings;
			sourceTree = "<group>";
		};
		2DD398E22810B9A400A575DA /* Date.strings */ = {
			isa = PBXVariantGroup;
			children = (
				2DD398E12810B9A400A575DA /* en */,
				2DD398E32810B9C800A575DA /* tr */,
			);
			name = Date.strings;
			sourceTree = "<group>";
		};
/* End PBXVariantGroup section */

/* Begin XCBuildConfiguration section */
		2DCAB462280AB5DF00308095 /* Debug */ = {
			isa = XCBuildConfiguration;
			buildSettings = {
				ALWAYS_SEARCH_USER_PATHS = NO;
				BUILD_LIBRARY_FOR_DISTRIBUTION = YES;
				CLANG_ANALYZER_LOCALIZABILITY_NONLOCALIZED = YES;
				CLANG_ANALYZER_NONNULL = YES;
				CLANG_ANALYZER_NUMBER_OBJECT_CONVERSION = YES_AGGRESSIVE;
				CLANG_CXX_LANGUAGE_STANDARD = "gnu++17";
				CLANG_CXX_LIBRARY = "libc++";
				CLANG_ENABLE_MODULES = YES;
				CLANG_ENABLE_OBJC_ARC = YES;
				CLANG_ENABLE_OBJC_WEAK = YES;
				CLANG_WARN_BLOCK_CAPTURE_AUTORELEASING = YES;
				CLANG_WARN_BOOL_CONVERSION = YES;
				CLANG_WARN_COMMA = YES;
				CLANG_WARN_CONSTANT_CONVERSION = YES;
				CLANG_WARN_DEPRECATED_OBJC_IMPLEMENTATIONS = YES;
				CLANG_WARN_DIRECT_OBJC_ISA_USAGE = YES_ERROR;
				CLANG_WARN_DOCUMENTATION_COMMENTS = YES;
				CLANG_WARN_EMPTY_BODY = YES;
				CLANG_WARN_ENUM_CONVERSION = YES;
				CLANG_WARN_INFINITE_RECURSION = YES;
				CLANG_WARN_INT_CONVERSION = YES;
				CLANG_WARN_NON_LITERAL_NULL_CONVERSION = YES;
				CLANG_WARN_OBJC_IMPLICIT_RETAIN_SELF = YES;
				CLANG_WARN_OBJC_LITERAL_CONVERSION = YES;
				CLANG_WARN_OBJC_ROOT_CLASS = YES_ERROR;
				CLANG_WARN_QUOTED_INCLUDE_IN_FRAMEWORK_HEADER = YES;
				CLANG_WARN_RANGE_LOOP_ANALYSIS = YES;
				CLANG_WARN_STRICT_PROTOTYPES = YES;
				CLANG_WARN_SUSPICIOUS_MOVE = YES;
				CLANG_WARN_UNGUARDED_AVAILABILITY = YES_AGGRESSIVE;
				CLANG_WARN_UNREACHABLE_CODE = YES;
				CLANG_WARN__DUPLICATE_METHOD_MATCH = YES;
				COPY_PHASE_STRIP = NO;
				CURRENT_PROJECT_VERSION = 1;
				DEBUG_INFORMATION_FORMAT = dwarf;
				ENABLE_STRICT_OBJC_MSGSEND = YES;
				ENABLE_TESTABILITY = YES;
				GCC_C_LANGUAGE_STANDARD = gnu11;
				GCC_DYNAMIC_NO_PIC = NO;
				GCC_NO_COMMON_BLOCKS = YES;
				GCC_OPTIMIZATION_LEVEL = 0;
				GCC_PREPROCESSOR_DEFINITIONS = (
					"DEBUG=1",
					"$(inherited)",
				);
				GCC_WARN_64_TO_32_BIT_CONVERSION = YES;
				GCC_WARN_ABOUT_RETURN_TYPE = YES_ERROR;
				GCC_WARN_UNDECLARED_SELECTOR = YES;
				GCC_WARN_UNINITIALIZED_AUTOS = YES_AGGRESSIVE;
				GCC_WARN_UNUSED_FUNCTION = YES;
				GCC_WARN_UNUSED_VARIABLE = YES;
				MACOSX_DEPLOYMENT_TARGET = 12.0;
				MTL_ENABLE_DEBUG_INFO = INCLUDE_SOURCE;
				MTL_FAST_MATH = YES;
				ONLY_ACTIVE_ARCH = YES;
				SDKROOT = iphoneos;
				SWIFT_ACTIVE_COMPILATION_CONDITIONS = DEBUG;
				SWIFT_OPTIMIZATION_LEVEL = "-Onone";
				VERSIONING_SYSTEM = "apple-generic";
				VERSION_INFO_PREFIX = "";
			};
			name = Debug;
		};
		2DCAB463280AB5DF00308095 /* Release */ = {
			isa = XCBuildConfiguration;
			buildSettings = {
				ALWAYS_SEARCH_USER_PATHS = NO;
				BUILD_LIBRARY_FOR_DISTRIBUTION = YES;
				CLANG_ANALYZER_LOCALIZABILITY_NONLOCALIZED = YES;
				CLANG_ANALYZER_NONNULL = YES;
				CLANG_ANALYZER_NUMBER_OBJECT_CONVERSION = YES_AGGRESSIVE;
				CLANG_CXX_LANGUAGE_STANDARD = "gnu++17";
				CLANG_CXX_LIBRARY = "libc++";
				CLANG_ENABLE_MODULES = YES;
				CLANG_ENABLE_OBJC_ARC = YES;
				CLANG_ENABLE_OBJC_WEAK = YES;
				CLANG_WARN_BLOCK_CAPTURE_AUTORELEASING = YES;
				CLANG_WARN_BOOL_CONVERSION = YES;
				CLANG_WARN_COMMA = YES;
				CLANG_WARN_CONSTANT_CONVERSION = YES;
				CLANG_WARN_DEPRECATED_OBJC_IMPLEMENTATIONS = YES;
				CLANG_WARN_DIRECT_OBJC_ISA_USAGE = YES_ERROR;
				CLANG_WARN_DOCUMENTATION_COMMENTS = YES;
				CLANG_WARN_EMPTY_BODY = YES;
				CLANG_WARN_ENUM_CONVERSION = YES;
				CLANG_WARN_INFINITE_RECURSION = YES;
				CLANG_WARN_INT_CONVERSION = YES;
				CLANG_WARN_NON_LITERAL_NULL_CONVERSION = YES;
				CLANG_WARN_OBJC_IMPLICIT_RETAIN_SELF = YES;
				CLANG_WARN_OBJC_LITERAL_CONVERSION = YES;
				CLANG_WARN_OBJC_ROOT_CLASS = YES_ERROR;
				CLANG_WARN_QUOTED_INCLUDE_IN_FRAMEWORK_HEADER = YES;
				CLANG_WARN_RANGE_LOOP_ANALYSIS = YES;
				CLANG_WARN_STRICT_PROTOTYPES = YES;
				CLANG_WARN_SUSPICIOUS_MOVE = YES;
				CLANG_WARN_UNGUARDED_AVAILABILITY = YES_AGGRESSIVE;
				CLANG_WARN_UNREACHABLE_CODE = YES;
				CLANG_WARN__DUPLICATE_METHOD_MATCH = YES;
				COPY_PHASE_STRIP = NO;
				CURRENT_PROJECT_VERSION = 1;
				DEBUG_INFORMATION_FORMAT = "dwarf-with-dsym";
				ENABLE_NS_ASSERTIONS = NO;
				ENABLE_STRICT_OBJC_MSGSEND = YES;
				GCC_C_LANGUAGE_STANDARD = gnu11;
				GCC_NO_COMMON_BLOCKS = YES;
				GCC_WARN_64_TO_32_BIT_CONVERSION = YES;
				GCC_WARN_ABOUT_RETURN_TYPE = YES_ERROR;
				GCC_WARN_UNDECLARED_SELECTOR = YES;
				GCC_WARN_UNINITIALIZED_AUTOS = YES_AGGRESSIVE;
				GCC_WARN_UNUSED_FUNCTION = YES;
				GCC_WARN_UNUSED_VARIABLE = YES;
				MACOSX_DEPLOYMENT_TARGET = 12.0;
				MTL_ENABLE_DEBUG_INFO = NO;
				MTL_FAST_MATH = YES;
				SDKROOT = iphoneos;
				SWIFT_COMPILATION_MODE = wholemodule;
				SWIFT_OPTIMIZATION_LEVEL = "-O";
				VERSIONING_SYSTEM = "apple-generic";
				VERSION_INFO_PREFIX = "";
			};
			name = Release;
		};
		2DCAB465280AB5DF00308095 /* Debug */ = {
			isa = XCBuildConfiguration;
			buildSettings = {
				CLANG_ENABLE_MODULES = YES;
				CODE_SIGN_STYLE = Automatic;
				COMBINE_HIDPI_IMAGES = YES;
				CURRENT_PROJECT_VERSION = 1;
				DEFINES_MODULE = YES;
				DEVELOPMENT_TEAM = P624PPMU63;
				DYLIB_COMPATIBILITY_VERSION = 1;
				DYLIB_CURRENT_VERSION = 1;
				DYLIB_INSTALL_NAME_BASE = "@rpath";
				GENERATE_INFOPLIST_FILE = YES;
				INFOPLIST_KEY_NSHumanReadableCopyright = "";
				INSTALL_PATH = "$(LOCAL_LIBRARY_DIR)/Frameworks";
				IPHONEOS_DEPLOYMENT_TARGET = 13.0;
				LD_RUNPATH_SEARCH_PATHS = (
					"$(inherited)",
					"@executable_path/../Frameworks",
					"@loader_path/Frameworks",
				);
				MARKETING_VERSION = 1.0;
				PRODUCT_BUNDLE_IDENTIFIER = org.clickmelive.ClickmeliveHostCore.ClickmeliveHostCore;
				PRODUCT_NAME = "$(TARGET_NAME:c99extidentifier)";
				SKIP_INSTALL = YES;
				SWIFT_EMIT_LOC_STRINGS = YES;
				SWIFT_OPTIMIZATION_LEVEL = "-Onone";
				SWIFT_VERSION = 5.0;
			};
			name = Debug;
		};
		2DCAB466280AB5DF00308095 /* Release */ = {
			isa = XCBuildConfiguration;
			buildSettings = {
				CLANG_ENABLE_MODULES = YES;
				CODE_SIGN_STYLE = Automatic;
				COMBINE_HIDPI_IMAGES = YES;
				CURRENT_PROJECT_VERSION = 1;
				DEFINES_MODULE = YES;
				DEVELOPMENT_TEAM = P624PPMU63;
				DYLIB_COMPATIBILITY_VERSION = 1;
				DYLIB_CURRENT_VERSION = 1;
				DYLIB_INSTALL_NAME_BASE = "@rpath";
				GENERATE_INFOPLIST_FILE = YES;
				INFOPLIST_KEY_NSHumanReadableCopyright = "";
				INSTALL_PATH = "$(LOCAL_LIBRARY_DIR)/Frameworks";
				IPHONEOS_DEPLOYMENT_TARGET = 13.0;
				LD_RUNPATH_SEARCH_PATHS = (
					"$(inherited)",
					"@executable_path/../Frameworks",
					"@loader_path/Frameworks",
				);
				MARKETING_VERSION = 1.0;
				PRODUCT_BUNDLE_IDENTIFIER = org.clickmelive.ClickmeliveHostCore.ClickmeliveHostCore;
				PRODUCT_NAME = "$(TARGET_NAME:c99extidentifier)";
				SKIP_INSTALL = YES;
				SWIFT_EMIT_LOC_STRINGS = YES;
				SWIFT_VERSION = 5.0;
			};
			name = Release;
		};
		2DCAB468280AB5DF00308095 /* Debug */ = {
			isa = XCBuildConfiguration;
			buildSettings = {
				ALWAYS_EMBED_SWIFT_STANDARD_LIBRARIES = YES;
				CODE_SIGN_STYLE = Automatic;
				COMBINE_HIDPI_IMAGES = YES;
				CURRENT_PROJECT_VERSION = 1;
				DEVELOPMENT_TEAM = P624PPMU63;
				GENERATE_INFOPLIST_FILE = YES;
				LD_RUNPATH_SEARCH_PATHS = (
					"$(inherited)",
					"@executable_path/../Frameworks",
					"@loader_path/../Frameworks",
				);
				MARKETING_VERSION = 1.0;
				PRODUCT_BUNDLE_IDENTIFIER = org.clickmelive.ClickmeliveHostCore.ClickmeliveHostCoreTests;
				PRODUCT_NAME = "$(TARGET_NAME)";
				SWIFT_EMIT_LOC_STRINGS = NO;
				SWIFT_VERSION = 5.0;
			};
			name = Debug;
		};
		2DCAB469280AB5DF00308095 /* Release */ = {
			isa = XCBuildConfiguration;
			buildSettings = {
				ALWAYS_EMBED_SWIFT_STANDARD_LIBRARIES = YES;
				CODE_SIGN_STYLE = Automatic;
				COMBINE_HIDPI_IMAGES = YES;
				CURRENT_PROJECT_VERSION = 1;
				DEVELOPMENT_TEAM = P624PPMU63;
				GENERATE_INFOPLIST_FILE = YES;
				LD_RUNPATH_SEARCH_PATHS = (
					"$(inherited)",
					"@executable_path/../Frameworks",
					"@loader_path/../Frameworks",
				);
				MARKETING_VERSION = 1.0;
				PRODUCT_BUNDLE_IDENTIFIER = org.clickmelive.ClickmeliveHostCore.ClickmeliveHostCoreTests;
				PRODUCT_NAME = "$(TARGET_NAME)";
				SWIFT_EMIT_LOC_STRINGS = NO;
				SWIFT_VERSION = 5.0;
			};
			name = Release;
		};
		2DCAB495280ABBB600308095 /* Debug */ = {
			isa = XCBuildConfiguration;
			buildSettings = {
				CLANG_ENABLE_MODULES = YES;
				CODE_SIGN_STYLE = Automatic;
				COMBINE_HIDPI_IMAGES = YES;
				CURRENT_PROJECT_VERSION = 1;
				DEFINES_MODULE = YES;
				DEVELOPMENT_TEAM = P624PPMU63;
				DYLIB_COMPATIBILITY_VERSION = 1;
				DYLIB_CURRENT_VERSION = 1;
				DYLIB_INSTALL_NAME_BASE = "@rpath";
				FRAMEWORK_SEARCH_PATHS = (
					"$(inherited)",
					"$(PROJECT_DIR)",
				);
				GENERATE_INFOPLIST_FILE = YES;
				INFOPLIST_FILE = ClickmeliveHostCoreIOS/Info.plist;
				INFOPLIST_KEY_NSHumanReadableCopyright = "";
				INSTALL_PATH = "$(LOCAL_LIBRARY_DIR)/Frameworks";
				IPHONEOS_DEPLOYMENT_TARGET = 13.0;
				LD_RUNPATH_SEARCH_PATHS = (
					"$(inherited)",
					"@executable_path/../Frameworks",
					"@loader_path/Frameworks",
				);
				MARKETING_VERSION = 1.0;
				PRODUCT_BUNDLE_IDENTIFIER = org.clickmelive.ClickmeliveHostCoreIOS.ClickmeliveHostCoreIOS;
				PRODUCT_NAME = "$(TARGET_NAME:c99extidentifier)";
				SDKROOT = iphoneos;
				SKIP_INSTALL = YES;
				SWIFT_EMIT_LOC_STRINGS = YES;
				SWIFT_OPTIMIZATION_LEVEL = "-Onone";
				SWIFT_VERSION = 5.0;
			};
			name = Debug;
		};
		2DCAB496280ABBB600308095 /* Release */ = {
			isa = XCBuildConfiguration;
			buildSettings = {
				CLANG_ENABLE_MODULES = YES;
				CODE_SIGN_STYLE = Automatic;
				COMBINE_HIDPI_IMAGES = YES;
				CURRENT_PROJECT_VERSION = 1;
				DEFINES_MODULE = YES;
				DEVELOPMENT_TEAM = P624PPMU63;
				DYLIB_COMPATIBILITY_VERSION = 1;
				DYLIB_CURRENT_VERSION = 1;
				DYLIB_INSTALL_NAME_BASE = "@rpath";
				FRAMEWORK_SEARCH_PATHS = (
					"$(inherited)",
					"$(PROJECT_DIR)",
				);
				GENERATE_INFOPLIST_FILE = YES;
				INFOPLIST_FILE = ClickmeliveHostCoreIOS/Info.plist;
				INFOPLIST_KEY_NSHumanReadableCopyright = "";
				INSTALL_PATH = "$(LOCAL_LIBRARY_DIR)/Frameworks";
				IPHONEOS_DEPLOYMENT_TARGET = 13.0;
				LD_RUNPATH_SEARCH_PATHS = (
					"$(inherited)",
					"@executable_path/../Frameworks",
					"@loader_path/Frameworks",
				);
				MARKETING_VERSION = 1.0;
				PRODUCT_BUNDLE_IDENTIFIER = org.clickmelive.ClickmeliveHostCoreIOS.ClickmeliveHostCoreIOS;
				PRODUCT_NAME = "$(TARGET_NAME:c99extidentifier)";
				SDKROOT = iphoneos;
				SKIP_INSTALL = YES;
				SWIFT_EMIT_LOC_STRINGS = YES;
				SWIFT_VERSION = 5.0;
			};
			name = Release;
		};
		2DCAB498280ABBB600308095 /* Debug */ = {
			isa = XCBuildConfiguration;
			buildSettings = {
				ALWAYS_EMBED_SWIFT_STANDARD_LIBRARIES = YES;
				CODE_SIGN_STYLE = Automatic;
				COMBINE_HIDPI_IMAGES = YES;
				CURRENT_PROJECT_VERSION = 1;
				DEVELOPMENT_TEAM = P624PPMU63;
				GENERATE_INFOPLIST_FILE = YES;
				LD_RUNPATH_SEARCH_PATHS = (
					"$(inherited)",
					"@executable_path/../Frameworks",
					"@loader_path/../Frameworks",
				);
				MARKETING_VERSION = 1.0;
				PRODUCT_BUNDLE_IDENTIFIER = org.clickmelive.ClickmeliveHostCoreIOS.ClickmeliveHostCoreIOSTests;
				PRODUCT_NAME = "$(TARGET_NAME)";
				SDKROOT = macosx;
				SWIFT_EMIT_LOC_STRINGS = NO;
				SWIFT_VERSION = 5.0;
			};
			name = Debug;
		};
		2DCAB499280ABBB600308095 /* Release */ = {
			isa = XCBuildConfiguration;
			buildSettings = {
				ALWAYS_EMBED_SWIFT_STANDARD_LIBRARIES = YES;
				CODE_SIGN_STYLE = Automatic;
				COMBINE_HIDPI_IMAGES = YES;
				CURRENT_PROJECT_VERSION = 1;
				DEVELOPMENT_TEAM = P624PPMU63;
				GENERATE_INFOPLIST_FILE = YES;
				LD_RUNPATH_SEARCH_PATHS = (
					"$(inherited)",
					"@executable_path/../Frameworks",
					"@loader_path/../Frameworks",
				);
				MARKETING_VERSION = 1.0;
				PRODUCT_BUNDLE_IDENTIFIER = org.clickmelive.ClickmeliveHostCoreIOS.ClickmeliveHostCoreIOSTests;
				PRODUCT_NAME = "$(TARGET_NAME)";
				SDKROOT = macosx;
				SWIFT_EMIT_LOC_STRINGS = NO;
				SWIFT_VERSION = 5.0;
			};
			name = Release;
		};
/* End XCBuildConfiguration section */

/* Begin XCConfigurationList section */
		2DCAB44C280AB5DF00308095 /* Build configuration list for PBXProject "ClickmeliveHostCore" */ = {
			isa = XCConfigurationList;
			buildConfigurations = (
				2DCAB462280AB5DF00308095 /* Debug */,
				2DCAB463280AB5DF00308095 /* Release */,
			);
			defaultConfigurationIsVisible = 0;
			defaultConfigurationName = Release;
		};
		2DCAB464280AB5DF00308095 /* Build configuration list for PBXNativeTarget "ClickmeliveHostCore" */ = {
			isa = XCConfigurationList;
			buildConfigurations = (
				2DCAB465280AB5DF00308095 /* Debug */,
				2DCAB466280AB5DF00308095 /* Release */,
			);
			defaultConfigurationIsVisible = 0;
			defaultConfigurationName = Release;
		};
		2DCAB467280AB5DF00308095 /* Build configuration list for PBXNativeTarget "ClickmeliveHostCoreTests" */ = {
			isa = XCConfigurationList;
			buildConfigurations = (
				2DCAB468280AB5DF00308095 /* Debug */,
				2DCAB469280AB5DF00308095 /* Release */,
			);
			defaultConfigurationIsVisible = 0;
			defaultConfigurationName = Release;
		};
		2DCAB494280ABBB600308095 /* Build configuration list for PBXNativeTarget "ClickmeliveHostCoreIOS" */ = {
			isa = XCConfigurationList;
			buildConfigurations = (
				2DCAB495280ABBB600308095 /* Debug */,
				2DCAB496280ABBB600308095 /* Release */,
			);
			defaultConfigurationIsVisible = 0;
			defaultConfigurationName = Release;
		};
		2DCAB497280ABBB600308095 /* Build configuration list for PBXNativeTarget "ClickmeliveHostCoreIOSTests" */ = {
			isa = XCConfigurationList;
			buildConfigurations = (
				2DCAB498280ABBB600308095 /* Debug */,
				2DCAB499280ABBB600308095 /* Release */,
			);
			defaultConfigurationIsVisible = 0;
			defaultConfigurationName = Release;
		};
/* End XCConfigurationList section */

/* Begin XCRemoteSwiftPackageReference section */
		2D9E0CBE2811F581000E4321 /* XCRemoteSwiftPackageReference "IQKeyboardManager" */ = {
			isa = XCRemoteSwiftPackageReference;
			repositoryURL = "https://github.com/hackiftekhar/IQKeyboardManager.git";
			requirement = {
				branch = master;
				kind = branch;
			};
		};
		2DD398D52810B80F00A575DA /* XCRemoteSwiftPackageReference "SDWebImage" */ = {
			isa = XCRemoteSwiftPackageReference;
			repositoryURL = "https://github.com/SDWebImage/SDWebImage.git";
			requirement = {
				branch = master;
				kind = branch;
			};
		};
/* End XCRemoteSwiftPackageReference section */

/* Begin XCSwiftPackageProductDependency section */
		2D9E0CBF2811F581000E4321 /* IQKeyboardManagerSwift */ = {
			isa = XCSwiftPackageProductDependency;
			package = 2D9E0CBE2811F581000E4321 /* XCRemoteSwiftPackageReference "IQKeyboardManager" */;
			productName = IQKeyboardManagerSwift;
		};
		2DD398D62810B80F00A575DA /* SDWebImage */ = {
			isa = XCSwiftPackageProductDependency;
			package = 2DD398D52810B80F00A575DA /* XCRemoteSwiftPackageReference "SDWebImage" */;
			productName = SDWebImage;
		};
/* End XCSwiftPackageProductDependency section */
	};
	rootObject = 2DCAB449280AB5DF00308095 /* Project object */;
}
